{
    "name": "hyper-ipc",
    "version": "1.2.6",
    "lockfileVersion": 2,
    "requires": true,
    "packages": {
        "": {
            "name": "hyper-ipc",
            "version": "1.2.6",
            "license": "MIT",
            "dependencies": {
                "@hyperswarm/dht": "github:hyperswarm/dht#master",
                "compact-encoding-net": "^1.0.1",
                "hypercore-crypto": "^2.3.0",
                "msgpackr": "^1.4.4"
            }
        },
        "node_modules/@hyperswarm/dht": {
            "version": "5.0.17",
            "resolved": "git+ssh://git@github.com/hyperswarm/dht.git#25f878ef5fd63f3446ae2b59b6c4cdad7a2ad9a1",
            "license": "MIT",
            "dependencies": {
                "@hyperswarm/secret-stream": "^5.1.0",
                "b4a": "^1.3.1",
                "bind-easy": "^1.0.1",
                "bogon": "^1.0.0",
                "compact-encoding": "^2.4.1",
                "compact-encoding-net": "^1.0.1",
                "dht-rpc": "^5.0.1",
                "noise-curve-ed": "^1.0.2",
                "noise-handshake": "^2.1.0",
                "record-cache": "^1.1.1",
                "safety-catch": "^1.0.1",
                "sodium-universal": "^3.0.4",
                "utp-native": "^2.5.3",
                "xache": "^1.0.0"
            }
        },
        "node_modules/@hyperswarm/secret-stream": {
            "version": "5.2.0",
            "resolved": "https://registry.npmjs.org/@hyperswarm/secret-stream/-/secret-stream-5.2.0.tgz",
            "integrity": "sha512-GwgLlbJV0DgvdTm0hPfyM4IWcWqJXIPCgkZ/DAh5CJ0HX8WW/4pDw70h7fRK5zBU1XUT6IYO2QAOeqZS+e9Dvg==",
            "dependencies": {
                "b4a": "^1.1.0",
                "noise-curve-ed": "^1.0.2",
                "noise-handshake": "^2.1.0",
                "sodium-secretstream": "^1.0.0",
                "sodium-universal": "^3.0.4",
                "streamx": "^2.10.2",
                "timeout-refresh": "^2.0.0"
            }
        },
        "node_modules/b4a": {
            "version": "1.3.1",
            "resolved": "https://registry.npmjs.org/b4a/-/b4a-1.3.1.tgz",
            "integrity": "sha512-ULHjbJGjZcdA5bugDNAAcMA6GWXX/9N10I6AQc14TH+Sr7bMfT+NHuJnOFGPJWLtzYa6Tz+PnFD2D/1bISLLZQ=="
        },
        "node_modules/bind-easy": {
            "version": "1.1.2",
            "resolved": "https://registry.npmjs.org/bind-easy/-/bind-easy-1.1.2.tgz",
            "integrity": "sha512-2+VjZ87WFdOFnsH4tHnmtf0HF6D2T3ZNdU1t1FYIz2jt4N3tyqbg2J0bYbflXdBkVi3xfVc8Pm8NB062SPvVVA=="
        },
        "node_modules/blake2b": {
            "version": "2.1.4",
            "resolved": "https://registry.npmjs.org/blake2b/-/blake2b-2.1.4.tgz",
            "integrity": "sha512-AyBuuJNI64gIvwx13qiICz6H6hpmjvYS5DGkG6jbXMOT8Z3WUJ3V1X0FlhIoT1b/5JtHE3ki+xjtMvu1nn+t9A==",
            "dependencies": {
                "blake2b-wasm": "^2.4.0",
                "nanoassert": "^2.0.0"
            }
        },
        "node_modules/blake2b-wasm": {
            "version": "2.4.0",
            "resolved": "https://registry.npmjs.org/blake2b-wasm/-/blake2b-wasm-2.4.0.tgz",
            "integrity": "sha512-S1kwmW2ZhZFFFOghcx73+ZajEfKBqhP82JMssxtLVMxlaPea1p9uoLiUZ5WYyHn0KddwbLc+0vh4wR0KBNoT5w==",
            "dependencies": {
                "b4a": "^1.0.1",
                "nanoassert": "^2.0.0"
            }
        },
        "node_modules/bogon": {
            "version": "1.0.0",
            "resolved": "https://registry.npmjs.org/bogon/-/bogon-1.0.0.tgz",
            "integrity": "sha512-mXxtlBtnW8koqFWPUBtKJm97vBSKZRpOvxvMRVun33qQXwMNfQzq9eTcQzKzqEoNUhNqF9t8rDc/wakKCcHMTg=="
        },
        "node_modules/chacha20-universal": {
            "version": "1.0.4",
            "resolved": "https://registry.npmjs.org/chacha20-universal/-/chacha20-universal-1.0.4.tgz",
            "integrity": "sha512-/IOxdWWNa7nRabfe7+oF+jVkGjlr2xUL4J8l/OvzZhj+c9RpMqoo3Dq+5nU1j/BflRV4BKnaQ4+4oH1yBpQG1Q==",
            "dependencies": {
                "nanoassert": "^2.0.0"
            }
        },
        "node_modules/compact-encoding": {
            "version": "2.6.1",
            "resolved": "https://registry.npmjs.org/compact-encoding/-/compact-encoding-2.6.1.tgz",
            "integrity": "sha512-4BqkIbqQG8PbTXo2UQdAKsbp+IswdjPKrEsFg377M/LxVJ/NEmpNuNjVAxcVWbNsUGHcRSQo/L0tWM6KlAvZRg==",
            "dependencies": {
                "b4a": "^1.3.0"
            }
        },
        "node_modules/compact-encoding-net": {
            "version": "1.0.1",
            "resolved": "https://registry.npmjs.org/compact-encoding-net/-/compact-encoding-net-1.0.1.tgz",
            "integrity": "sha512-N9k1Qwg9b1ENk+TZsZhthzkuMtn3rn4ZinN75gf3/LplE+uaTCKjyaau5sK0m2NEUa/MmR77VxiGfD/Qz1ar0g==",
            "dependencies": {
                "compact-encoding": "^2.4.1"
            }
        },
        "node_modules/dht-rpc": {
            "version": "5.0.4",
            "resolved": "https://registry.npmjs.org/dht-rpc/-/dht-rpc-5.0.4.tgz",
            "integrity": "sha512-/h3805ai87WUDDrjBTMjRTi637qgb02M9dn0Aw89W/VRrfuFnyUhkw7TuvNBNMG7TbvQexmdPiaMjTAk+/xZqA==",
            "dependencies": {
                "bind-easy": "^1.0.0",
                "compact-encoding": "^2.1.0",
                "compact-encoding-net": "^1.0.1",
                "fast-fifo": "^1.0.0",
                "kademlia-routing-table": "^1.0.0",
                "nat-sampler": "^1.0.1",
                "sodium-universal": "^3.0.4",
                "streamx": "^2.10.3",
                "time-ordered-set": "^1.0.2"
            }
        },
        "node_modules/fast-fifo": {
            "version": "1.1.0",
            "resolved": "https://registry.npmjs.org/fast-fifo/-/fast-fifo-1.1.0.tgz",
            "integrity": "sha512-Kl29QoNbNvn4nhDsLYjyIAaIqaJB6rBx5p3sL9VjaefJ+eMFBWVZiaoguaoZfzEKr5RhAti0UgM8703akGPJ6g=="
        },
        "node_modules/function-bind": {
            "version": "1.1.1",
            "resolved": "https://registry.npmjs.org/function-bind/-/function-bind-1.1.1.tgz",
            "integrity": "sha512-yIovAzMX49sF8Yl58fSCWJ5svSLuaibPxXQJFLmBObTuCr0Mf1KiPopGM9NiFjiYBCbfaa2Fh6breQ6ANVTI0A=="
        },
        "node_modules/has": {
            "version": "1.0.3",
            "resolved": "https://registry.npmjs.org/has/-/has-1.0.3.tgz",
            "integrity": "sha512-f2dvO0VU6Oej7RkWJGrehjbzMAjFp5/VKPp5tTpWIV4JHHZK1/BxbFRtf/siA2SWTe09caDmVtYYzWEIbBS4zw==",
            "dependencies": {
                "function-bind": "^1.1.1"
            },
            "engines": {
                "node": ">= 0.4.0"
            }
        },
        "node_modules/hmac-blake2b": {
            "version": "2.0.0",
            "resolved": "https://registry.npmjs.org/hmac-blake2b/-/hmac-blake2b-2.0.0.tgz",
            "integrity": "sha512-JbGNtM1YRd8EQH/2vNTAP1oy5lJVPlBFYZfCJTu3k8sqOUm0rRIf/3+MCd5noVykETwTbun6jEOc+4Tu78ubHA==",
            "dependencies": {
                "nanoassert": "^1.1.0",
                "sodium-native": "^3.1.1",
                "sodium-universal": "^3.0.0"
            }
        },
        "node_modules/hmac-blake2b/node_modules/nanoassert": {
            "version": "1.1.0",
            "resolved": "https://registry.npmjs.org/nanoassert/-/nanoassert-1.1.0.tgz",
            "integrity": "sha1-TzFS4JVA/eKMdvRLGbvNHVpCR40="
        },
        "node_modules/hypercore-crypto": {
            "version": "2.3.2",
            "resolved": "https://registry.npmjs.org/hypercore-crypto/-/hypercore-crypto-2.3.2.tgz",
            "integrity": "sha512-GzHgVOfr5utdiJG5QNcQZ0oo+/YQNbekpg429x00YpUobBraX2qEL3E+iH/EFEIdCQSiGHfToWyYw+OpznSjww==",
            "dependencies": {
                "sodium-universal": "^3.0.0",
                "uint64be": "^3.0.0"
            }
        },
        "node_modules/inherits": {
            "version": "2.0.4",
            "resolved": "https://registry.npmjs.org/inherits/-/inherits-2.0.4.tgz",
            "integrity": "sha512-k/vGaX4/Yla3WzyMCvTQOXYeIHvqOKtnqBduzTHpzpQZzAskKMhZ2K+EnBiSM9zGSoIFeMpXKxa4dYeZIQqewQ=="
        },
        "node_modules/is-core-module": {
            "version": "2.8.1",
            "resolved": "https://registry.npmjs.org/is-core-module/-/is-core-module-2.8.1.tgz",
            "integrity": "sha512-SdNCUs284hr40hFTFP6l0IfZ/RSrMXF3qgoRHd3/79unUTvrFO/JoXwkGm+5J/Oe3E/b5GsnG330uUNgRpu1PA==",
            "dependencies": {
                "has": "^1.0.3"
            },
            "funding": {
                "url": "https://github.com/sponsors/ljharb"
            }
        },
        "node_modules/kademlia-routing-table": {
            "version": "1.0.0",
            "resolved": "https://registry.npmjs.org/kademlia-routing-table/-/kademlia-routing-table-1.0.0.tgz",
            "integrity": "sha512-31Loo/Cy4cbOB3zfk+knAI0mtTIQPB0oOTF1ofXK+n7/bF5I791ZKF9CgIejw45fkTUrW8IpjwM3b0iIaBOMsQ=="
        },
        "node_modules/msgpackr": {
            "version": "1.5.4",
            "resolved": "https://registry.npmjs.org/msgpackr/-/msgpackr-1.5.4.tgz",
            "integrity": "sha512-Z7w5Jg+2Q9z9gJxeM68d7tSuWZZGnFIRhZnyqcZCa/1dKkhOCNvR1TUV3zzJ3+vj78vlwKRzUgVDlW4jiSOeDA==",
            "optionalDependencies": {
                "msgpackr-extract": "^1.0.14"
            }
        },
        "node_modules/msgpackr-extract": {
            "version": "1.0.16",
            "resolved": "https://registry.npmjs.org/msgpackr-extract/-/msgpackr-extract-1.0.16.tgz",
            "integrity": "sha512-fxdRfQUxPrL/TizyfYfMn09dK58e+d65bRD/fcaVH4052vj30QOzzqxcQIS7B0NsqlypEQ/6Du3QmP2DhWFfCA==",
            "hasInstallScript": true,
            "optional": true,
            "dependencies": {
                "nan": "^2.14.2",
                "node-gyp-build": "^4.2.3"
            }
        },
        "node_modules/nan": {
            "version": "2.15.0",
            "resolved": "https://registry.npmjs.org/nan/-/nan-2.15.0.tgz",
            "integrity": "sha512-8ZtvEnA2c5aYCZYd1cvgdnU6cqwixRoYg70xPLWUws5ORTa/lnw+u4amixRS/Ac5U5mQVgp9pnlSUnbNWFaWZQ==",
            "optional": true
        },
        "node_modules/nanoassert": {
            "version": "2.0.0",
            "resolved": "https://registry.npmjs.org/nanoassert/-/nanoassert-2.0.0.tgz",
            "integrity": "sha512-7vO7n28+aYO4J+8w96AzhmU8G+Y/xpPDJz/se19ICsqj/momRbb9mh9ZUtkoJ5X3nTnPdhEJyc0qnM6yAsHBaA=="
        },
        "node_modules/napi-macros": {
            "version": "2.0.0",
            "resolved": "https://registry.npmjs.org/napi-macros/-/napi-macros-2.0.0.tgz",
            "integrity": "sha512-A0xLykHtARfueITVDernsAWdtIMbOJgKgcluwENp3AlsKN/PloyO10HtmoqnFAQAcxPkgZN7wdfPfEd0zNGxbg=="
        },
        "node_modules/nat-sampler": {
            "version": "1.0.1",
            "resolved": "https://registry.npmjs.org/nat-sampler/-/nat-sampler-1.0.1.tgz",
            "integrity": "sha512-yQvyNN7xbqR8crTKk3U8gRgpcV1Az+vfCEijiHu9oHHsnIl8n3x+yXNHl42M6L3czGynAVoOT9TqBfS87gDdcw=="
        },
        "node_modules/node-gyp-build": {
            "version": "4.3.0",
            "resolved": "https://registry.npmjs.org/node-gyp-build/-/node-gyp-build-4.3.0.tgz",
            "integrity": "sha512-iWjXZvmboq0ja1pUGULQBexmxq8CV4xBhX7VDOTbL7ZR4FOowwY/VOtRxBN/yKxmdGoIp4j5ysNT4u3S2pDQ3Q==",
            "bin": {
                "node-gyp-build": "bin.js",
                "node-gyp-build-optional": "optional.js",
                "node-gyp-build-test": "build-test.js"
            }
        },
        "node_modules/noise-curve-ed": {
            "version": "1.0.4",
            "resolved": "https://registry.npmjs.org/noise-curve-ed/-/noise-curve-ed-1.0.4.tgz",
            "integrity": "sha512-plUUSEOU66FZ9TaBKpk4+fgQeeS+OLlThS2o8a1TxVpMWV2v1izvEnjSpFV9gEPZl4/1yN+S5KqLubFjogqQOw==",
            "dependencies": {
                "b4a": "^1.1.0",
                "nanoassert": "^2.0.0",
                "sodium-universal": "^3.0.4"
            }
        },
        "node_modules/noise-handshake": {
            "version": "2.2.0",
            "resolved": "https://registry.npmjs.org/noise-handshake/-/noise-handshake-2.2.0.tgz",
            "integrity": "sha512-+0mFUc5YSnOPI+4K/7nr6XDGduITaUasPVurzrH03sk6yW+udKxP/qjEwEekRwIpnvcCKYnjiZ9HJenJv9ljZg==",
            "dependencies": {
                "b4a": "^1.1.0",
                "hmac-blake2b": "^2.0.0",
                "nanoassert": "^2.0.0",
                "sodium-universal": "^3.0.4"
            }
        },
        "node_modules/path-parse": {
            "version": "1.0.7",
            "resolved": "https://registry.npmjs.org/path-parse/-/path-parse-1.0.7.tgz",
            "integrity": "sha512-LDJzPVEEEPR+y48z93A0Ed0yXb8pAByGWo/k5YYdYgpY2/2EsOsksJrq7lOHxryrVOn1ejG6oAp8ahvOIQD8sw=="
        },
        "node_modules/queue-tick": {
            "version": "1.0.0",
            "resolved": "https://registry.npmjs.org/queue-tick/-/queue-tick-1.0.0.tgz",
            "integrity": "sha512-ULWhjjE8BmiICGn3G8+1L9wFpERNxkf8ysxkAer4+TFdRefDaXOCV5m92aMB9FtBVmn/8sETXLXY6BfW7hyaWQ=="
        },
        "node_modules/readable-stream": {
            "version": "3.6.0",
            "resolved": "https://registry.npmjs.org/readable-stream/-/readable-stream-3.6.0.tgz",
            "integrity": "sha512-BViHy7LKeTz4oNnkcLJ+lVSL6vpiFeX6/d3oSH8zCW7UxP2onchk+vTGB143xuFjHS3deTgkKoXXymXqymiIdA==",
            "dependencies": {
                "inherits": "^2.0.3",
                "string_decoder": "^1.1.1",
                "util-deprecate": "^1.0.1"
            },
            "engines": {
                "node": ">= 6"
            }
        },
        "node_modules/record-cache": {
            "version": "1.2.0",
            "resolved": "https://registry.npmjs.org/record-cache/-/record-cache-1.2.0.tgz",
            "integrity": "sha512-kyy3HWCez2WrotaL3O4fTn0rsIdfRKOdQQcEJ9KpvmKmbffKVvwsloX063EgRUlpJIXHiDQFhJcTbZequ2uTZw==",
            "dependencies": {
                "b4a": "^1.3.1"
            }
        },
        "node_modules/resolve": {
            "version": "1.22.0",
            "resolved": "https://registry.npmjs.org/resolve/-/resolve-1.22.0.tgz",
            "integrity": "sha512-Hhtrw0nLeSrFQ7phPp4OOcVjLPIeMnRlr5mcnVuMe7M/7eBn98A3hmFRLoFo3DLZkivSYwhRUJTyPyWAk56WLw==",
            "dependencies": {
                "is-core-module": "^2.8.1",
                "path-parse": "^1.0.7",
                "supports-preserve-symlinks-flag": "^1.0.0"
            },
            "bin": {
                "resolve": "bin/resolve"
            },
            "funding": {
                "url": "https://github.com/sponsors/ljharb"
            }
        },
        "node_modules/safe-buffer": {
            "version": "5.2.1",
            "resolved": "https://registry.npmjs.org/safe-buffer/-/safe-buffer-5.2.1.tgz",
            "integrity": "sha512-rp3So07KcdmmKbGvgaNxQSJr7bGVSVk5S9Eq1F+ppbRo70+YeaDxkw5Dd8NPN+GD6bjnYm2VuPuCXmpuYvmCXQ==",
            "funding": [
                {
                    "type": "github",
                    "url": "https://github.com/sponsors/feross"
                },
                {
                    "type": "patreon",
                    "url": "https://www.patreon.com/feross"
                },
                {
                    "type": "consulting",
                    "url": "https://feross.org/support"
                }
            ]
        },
        "node_modules/safety-catch": {
            "version": "1.0.1",
            "resolved": "https://registry.npmjs.org/safety-catch/-/safety-catch-1.0.1.tgz",
            "integrity": "sha512-LmPpHuNn2nDbHf7t5xGcPRBsXUnCC1NTiEDQqZfC+okR+E6R3ihHjYiUv7qoa96VnJA52WkqRWJoEN8dSY6TCg=="
        },
        "node_modules/sha256-universal": {
            "version": "1.2.1",
            "resolved": "https://registry.npmjs.org/sha256-universal/-/sha256-universal-1.2.1.tgz",
            "integrity": "sha512-ghn3muhdn1ailCQqqceNxRgkOeZSVfSE13RQWEg6njB+itsFzGVSJv+O//2hvNXZuxVIRyNzrgsZ37SPDdGJJw==",
            "dependencies": {
                "b4a": "^1.0.1",
                "sha256-wasm": "^2.2.1"
            }
        },
        "node_modules/sha256-wasm": {
            "version": "2.2.2",
            "resolved": "https://registry.npmjs.org/sha256-wasm/-/sha256-wasm-2.2.2.tgz",
            "integrity": "sha512-qKSGARvao+JQlFiA+sjJZhJ/61gmW/3aNLblB2rsgIxDlDxsJPHo8a1seXj12oKtuHVgJSJJ7QEGBUYQN741lQ==",
            "dependencies": {
                "b4a": "^1.0.1",
                "nanoassert": "^2.0.0"
            }
        },
        "node_modules/sha512-universal": {
            "version": "1.2.1",
            "resolved": "https://registry.npmjs.org/sha512-universal/-/sha512-universal-1.2.1.tgz",
            "integrity": "sha512-kehYuigMoRkIngCv7rhgruLJNNHDnitGTBdkcYbCbooL8Cidj/bS78MDxByIjcc69M915WxcQTgZetZ1JbeQTQ==",
            "dependencies": {
                "b4a": "^1.0.1",
                "sha512-wasm": "^2.3.1"
            }
        },
        "node_modules/sha512-wasm": {
            "version": "2.3.3",
            "resolved": "https://registry.npmjs.org/sha512-wasm/-/sha512-wasm-2.3.3.tgz",
            "integrity": "sha512-x8McxarTu+Wv5hu5TQE4qgSSGQ3JOX/OmkhLGVty+ajcEN6zLPqTS6Ljt/N6Gl2jI+3y0wjj+RxDxy8Ca9Krfw==",
            "dependencies": {
                "b4a": "^1.0.1",
                "nanoassert": "^2.0.0"
            }
        },
        "node_modules/siphash24": {
            "version": "1.3.0",
            "resolved": "https://registry.npmjs.org/siphash24/-/siphash24-1.3.0.tgz",
            "integrity": "sha512-2HvNPUYcmoFks2IX2wI5D80NspdlgSJlCmPencbBMWhrZnNW3sgiC7owaB2Jj/9IiV9bdN2A00LaM8IcojB8rw==",
            "dependencies": {
                "nanoassert": "^2.0.0"
            }
        },
        "node_modules/sodium-javascript": {
            "version": "0.8.0",
            "resolved": "https://registry.npmjs.org/sodium-javascript/-/sodium-javascript-0.8.0.tgz",
            "integrity": "sha512-rEBzR5mPxPES+UjyMDvKPIXy9ImF17KOJ32nJNi9uIquWpS/nfj+h6m05J5yLJaGXjgM72LmQoUbWZVxh/rmGg==",
            "dependencies": {
                "blake2b": "^2.1.1",
                "chacha20-universal": "^1.0.4",
                "nanoassert": "^2.0.0",
                "sha256-universal": "^1.1.0",
                "sha512-universal": "^1.1.0",
                "siphash24": "^1.0.1",
                "xsalsa20": "^1.0.0"
            }
        },
        "node_modules/sodium-native": {
            "version": "3.3.0",
            "resolved": "https://registry.npmjs.org/sodium-native/-/sodium-native-3.3.0.tgz",
            "integrity": "sha512-rg6lCDM/qa3p07YGqaVD+ciAbUqm6SoO4xmlcfkbU5r1zIGrguXztLiEtaLYTV5U6k8KSIUFmnU3yQUSKmf6DA==",
            "hasInstallScript": true,
            "dependencies": {
                "node-gyp-build": "^4.3.0"
            }
        },
        "node_modules/sodium-secretstream": {
            "version": "1.0.2",
            "resolved": "https://registry.npmjs.org/sodium-secretstream/-/sodium-secretstream-1.0.2.tgz",
            "integrity": "sha512-AsWztbBHhHid+w5g28ftXA0mTrS52Dup7FYI0GR7ri1TQTlVsw0z//FNlhIqWsgtBctO/DxQosacbElCpmdcZw==",
            "dependencies": {
                "b4a": "^1.1.1",
                "sodium-universal": "^3.0.4"
            }
        },
        "node_modules/sodium-universal": {
            "version": "3.1.0",
            "resolved": "https://registry.npmjs.org/sodium-universal/-/sodium-universal-3.1.0.tgz",
            "integrity": "sha512-N2gxk68Kg2qZLSJ4h0NffEhp4BjgWHCHXVlDi1aG1hA3y+ZeWEmHqnpml8Hy47QzfL1xLy5nwr9LcsWAg2Ep0A==",
            "dependencies": {
                "blake2b": "^2.1.1",
                "chacha20-universal": "^1.0.4",
                "nanoassert": "^2.0.0",
                "resolve": "^1.17.0",
                "sha256-universal": "^1.1.0",
                "sha512-universal": "^1.1.0",
                "siphash24": "^1.0.1",
                "sodium-javascript": "~0.8.0",
                "sodium-native": "^3.2.0",
                "xsalsa20": "^1.0.0"
            }
        },
        "node_modules/streamx": {
            "version": "2.12.4",
            "resolved": "https://registry.npmjs.org/streamx/-/streamx-2.12.4.tgz",
            "integrity": "sha512-K3xdIp8YSkvbdI0PrCcP0JkniN8cPCyeKlcZgRFSl1o1xKINCYM93FryvTSOY57x73pz5/AjO5B8b9BYf21wWw==",
            "dependencies": {
                "fast-fifo": "^1.0.0",
                "queue-tick": "^1.0.0"
            }
        },
        "node_modules/string_decoder": {
            "version": "1.3.0",
            "resolved": "https://registry.npmjs.org/string_decoder/-/string_decoder-1.3.0.tgz",
            "integrity": "sha512-hkRX8U1WjJFd8LsDJ2yQ/wWWxaopEsABU1XfkM8A+j0+85JAGppt16cr1Whg6KIbb4okU6Mql6BOj+uup/wKeA==",
            "dependencies": {
                "safe-buffer": "~5.2.0"
            }
        },
        "node_modules/supports-preserve-symlinks-flag": {
            "version": "1.0.0",
            "resolved": "https://registry.npmjs.org/supports-preserve-symlinks-flag/-/supports-preserve-symlinks-flag-1.0.0.tgz",
            "integrity": "sha512-ot0WnXS9fgdkgIcePe6RHNk1WA8+muPa6cSjeR3V8K27q9BB1rTE3R1p7Hv0z1ZyAc8s6Vvv8DIyWf681MAt0w==",
            "engines": {
                "node": ">= 0.4"
            },
            "funding": {
                "url": "https://github.com/sponsors/ljharb"
            }
        },
        "node_modules/time-ordered-set": {
            "version": "1.0.2",
            "resolved": "https://registry.npmjs.org/time-ordered-set/-/time-ordered-set-1.0.2.tgz",
            "integrity": "sha512-vGO99JkxvgX+u+LtOKQEpYf31Kj3i/GNwVstfnh4dyINakMgeZCpew1e3Aj+06hEslhtHEd52g7m5IV+o1K8Mw=="
        },
        "node_modules/timeout-refresh": {
            "version": "2.0.0",
            "resolved": "https://registry.npmjs.org/timeout-refresh/-/timeout-refresh-2.0.0.tgz",
            "integrity": "sha512-N/qi1NfneWGcCP1bH945YLTVuYHABSZT3lKA1NJRK2Ym/8Dsg/5mCru37Lc5SnaEZOtk9PIuciD7XwBgtN3o3A=="
        },
        "node_modules/uint64be": {
            "version": "3.0.0",
            "resolved": "https://registry.npmjs.org/uint64be/-/uint64be-3.0.0.tgz",
            "integrity": "sha512-mliiCSrsE29aNBI7O9W5gGv6WmA9kBR8PtTt6Apaxns076IRdYrrtFhXHEWMj5CSum3U7cv7/pi4xmi4XsIOqg=="
        },
        "node_modules/unordered-set": {
            "version": "2.0.1",
            "resolved": "https://registry.npmjs.org/unordered-set/-/unordered-set-2.0.1.tgz",
            "integrity": "sha512-eUmNTPzdx+q/WvOHW0bgGYLWvWHNT3PTKEQLg0MAQhc0AHASHVHoP/9YytYd4RBVariqno/mEUhVZN98CmD7bg=="
        },
        "node_modules/util-deprecate": {
            "version": "1.0.2",
            "resolved": "https://registry.npmjs.org/util-deprecate/-/util-deprecate-1.0.2.tgz",
            "integrity": "sha1-RQ1Nyfpw3nMnYvvS1KKJgUGaDM8="
        },
        "node_modules/utp-native": {
            "version": "2.5.3",
            "resolved": "https://registry.npmjs.org/utp-native/-/utp-native-2.5.3.tgz",
            "integrity": "sha512-sWTrWYXPhhWJh+cS2baPzhaZc89zwlWCfwSthUjGhLkZztyPhcQllo+XVVCbNGi7dhyRlxkWxN4NKU6FbA9Y8w==",
            "hasInstallScript": true,
            "dependencies": {
                "napi-macros": "^2.0.0",
                "node-gyp-build": "^4.2.0",
                "readable-stream": "^3.0.2",
                "timeout-refresh": "^1.0.0",
                "unordered-set": "^2.0.1"
            },
            "bin": {
                "ucat": "ucat.js"
            },
            "engines": {
                "node": ">=8.12"
            }
        },
        "node_modules/utp-native/node_modules/timeout-refresh": {
            "version": "1.0.3",
            "resolved": "https://registry.npmjs.org/timeout-refresh/-/timeout-refresh-1.0.3.tgz",
            "integrity": "sha512-Mz0CX4vBGM5lj8ttbIFt7o4ZMxk/9rgudJRh76EvB7xXZMur7T/cjRiH2w4Fmkq0zxf2QpM8IFvOSRn8FEu3gA=="
        },
        "node_modules/xache": {
            "version": "1.0.0",
            "resolved": "https://registry.npmjs.org/xache/-/xache-1.0.0.tgz",
            "integrity": "sha512-f4fYGFVY734UT4OOyTaKMdWdJ5asbMWKZvmQcoMFBeFNw0UOt0dEJTOlJeKmsduKqPj0UWsIx4SB76oCZagllQ=="
        },
        "node_modules/xsalsa20": {
            "version": "1.2.0",
            "resolved": "https://registry.npmjs.org/xsalsa20/-/xsalsa20-1.2.0.tgz",
            "integrity": "sha512-FIr/DEeoHfj7ftfylnoFt3rAIRoWXpx2AoDfrT2qD2wtp7Dp+COajvs/Icb7uHqRW9m60f5iXZwdsJJO3kvb7w=="
        }
    },
    "dependencies": {
        "@hyperswarm/dht": {
            "version": "git+ssh://git@github.com/hyperswarm/dht.git#25f878ef5fd63f3446ae2b59b6c4cdad7a2ad9a1",
            "from": "@hyperswarm/dht@github:hyperswarm/dht#master",
            "requires": {
                "@hyperswarm/secret-stream": "^5.1.0",
                "b4a": "^1.3.1",
                "bind-easy": "^1.0.1",
                "bogon": "^1.0.0",
                "compact-encoding": "^2.4.1",
                "compact-encoding-net": "^1.0.1",
                "dht-rpc": "^5.0.1",
                "noise-curve-ed": "^1.0.2",
                "noise-handshake": "^2.1.0",
                "record-cache": "^1.1.1",
                "safety-catch": "^1.0.1",
                "sodium-universal": "^3.0.4",
                "utp-native": "^2.5.3",
                "xache": "^1.0.0"
            }
        },
        "@hyperswarm/secret-stream": {
            "version": "5.2.0",
            "resolved": "https://registry.npmjs.org/@hyperswarm/secret-stream/-/secret-stream-5.2.0.tgz",
            "integrity": "sha512-GwgLlbJV0DgvdTm0hPfyM4IWcWqJXIPCgkZ/DAh5CJ0HX8WW/4pDw70h7fRK5zBU1XUT6IYO2QAOeqZS+e9Dvg==",
            "requires": {
                "b4a": "^1.1.0",
                "noise-curve-ed": "^1.0.2",
                "noise-handshake": "^2.1.0",
                "sodium-secretstream": "^1.0.0",
                "sodium-universal": "^3.0.4",
                "streamx": "^2.10.2",
                "timeout-refresh": "^2.0.0"
            }
        },
        "b4a": {
            "version": "1.3.1",
            "resolved": "https://registry.npmjs.org/b4a/-/b4a-1.3.1.tgz",
            "integrity": "sha512-ULHjbJGjZcdA5bugDNAAcMA6GWXX/9N10I6AQc14TH+Sr7bMfT+NHuJnOFGPJWLtzYa6Tz+PnFD2D/1bISLLZQ=="
        },
        "bind-easy": {
            "version": "1.1.2",
            "resolved": "https://registry.npmjs.org/bind-easy/-/bind-easy-1.1.2.tgz",
            "integrity": "sha512-2+VjZ87WFdOFnsH4tHnmtf0HF6D2T3ZNdU1t1FYIz2jt4N3tyqbg2J0bYbflXdBkVi3xfVc8Pm8NB062SPvVVA=="
        },
        "blake2b": {
            "version": "2.1.4",
            "resolved": "https://registry.npmjs.org/blake2b/-/blake2b-2.1.4.tgz",
            "integrity": "sha512-AyBuuJNI64gIvwx13qiICz6H6hpmjvYS5DGkG6jbXMOT8Z3WUJ3V1X0FlhIoT1b/5JtHE3ki+xjtMvu1nn+t9A==",
            "requires": {
                "blake2b-wasm": "^2.4.0",
                "nanoassert": "^2.0.0"
            }
        },
        "blake2b-wasm": {
            "version": "2.4.0",
            "resolved": "https://registry.npmjs.org/blake2b-wasm/-/blake2b-wasm-2.4.0.tgz",
            "integrity": "sha512-S1kwmW2ZhZFFFOghcx73+ZajEfKBqhP82JMssxtLVMxlaPea1p9uoLiUZ5WYyHn0KddwbLc+0vh4wR0KBNoT5w==",
            "requires": {
                "b4a": "^1.0.1",
                "nanoassert": "^2.0.0"
            }
        },
        "bogon": {
            "version": "1.0.0",
            "resolved": "https://registry.npmjs.org/bogon/-/bogon-1.0.0.tgz",
            "integrity": "sha512-mXxtlBtnW8koqFWPUBtKJm97vBSKZRpOvxvMRVun33qQXwMNfQzq9eTcQzKzqEoNUhNqF9t8rDc/wakKCcHMTg=="
        },
        "chacha20-universal": {
            "version": "1.0.4",
            "resolved": "https://registry.npmjs.org/chacha20-universal/-/chacha20-universal-1.0.4.tgz",
            "integrity": "sha512-/IOxdWWNa7nRabfe7+oF+jVkGjlr2xUL4J8l/OvzZhj+c9RpMqoo3Dq+5nU1j/BflRV4BKnaQ4+4oH1yBpQG1Q==",
            "requires": {
                "nanoassert": "^2.0.0"
            }
        },
        "compact-encoding": {
            "version": "2.6.1",
            "resolved": "https://registry.npmjs.org/compact-encoding/-/compact-encoding-2.6.1.tgz",
            "integrity": "sha512-4BqkIbqQG8PbTXo2UQdAKsbp+IswdjPKrEsFg377M/LxVJ/NEmpNuNjVAxcVWbNsUGHcRSQo/L0tWM6KlAvZRg==",
            "requires": {
                "b4a": "^1.3.0"
            }
        },
        "compact-encoding-net": {
            "version": "1.0.1",
            "resolved": "https://registry.npmjs.org/compact-encoding-net/-/compact-encoding-net-1.0.1.tgz",
            "integrity": "sha512-N9k1Qwg9b1ENk+TZsZhthzkuMtn3rn4ZinN75gf3/LplE+uaTCKjyaau5sK0m2NEUa/MmR77VxiGfD/Qz1ar0g==",
            "requires": {
                "compact-encoding": "^2.4.1"
            }
        },
        "dht-rpc": {
            "version": "5.0.4",
            "resolved": "https://registry.npmjs.org/dht-rpc/-/dht-rpc-5.0.4.tgz",
            "integrity": "sha512-/h3805ai87WUDDrjBTMjRTi637qgb02M9dn0Aw89W/VRrfuFnyUhkw7TuvNBNMG7TbvQexmdPiaMjTAk+/xZqA==",
            "requires": {
                "bind-easy": "^1.0.0",
                "compact-encoding": "^2.1.0",
                "compact-encoding-net": "^1.0.1",
                "fast-fifo": "^1.0.0",
                "kademlia-routing-table": "^1.0.0",
                "nat-sampler": "^1.0.1",
                "sodium-universal": "^3.0.4",
                "streamx": "^2.10.3",
                "time-ordered-set": "^1.0.2"
            }
        },
        "fast-fifo": {
            "version": "1.1.0",
            "resolved": "https://registry.npmjs.org/fast-fifo/-/fast-fifo-1.1.0.tgz",
            "integrity": "sha512-Kl29QoNbNvn4nhDsLYjyIAaIqaJB6rBx5p3sL9VjaefJ+eMFBWVZiaoguaoZfzEKr5RhAti0UgM8703akGPJ6g=="
        },
        "function-bind": {
            "version": "1.1.1",
            "resolved": "https://registry.npmjs.org/function-bind/-/function-bind-1.1.1.tgz",
            "integrity": "sha512-yIovAzMX49sF8Yl58fSCWJ5svSLuaibPxXQJFLmBObTuCr0Mf1KiPopGM9NiFjiYBCbfaa2Fh6breQ6ANVTI0A=="
        },
        "has": {
            "version": "1.0.3",
            "resolved": "https://registry.npmjs.org/has/-/has-1.0.3.tgz",
            "integrity": "sha512-f2dvO0VU6Oej7RkWJGrehjbzMAjFp5/VKPp5tTpWIV4JHHZK1/BxbFRtf/siA2SWTe09caDmVtYYzWEIbBS4zw==",
            "requires": {
                "function-bind": "^1.1.1"
            }
        },
        "hmac-blake2b": {
            "version": "2.0.0",
            "resolved": "https://registry.npmjs.org/hmac-blake2b/-/hmac-blake2b-2.0.0.tgz",
            "integrity": "sha512-JbGNtM1YRd8EQH/2vNTAP1oy5lJVPlBFYZfCJTu3k8sqOUm0rRIf/3+MCd5noVykETwTbun6jEOc+4Tu78ubHA==",
            "requires": {
                "nanoassert": "^1.1.0",
                "sodium-native": "^3.1.1",
                "sodium-universal": "^3.0.0"
            },
            "dependencies": {
                "nanoassert": {
                    "version": "1.1.0",
                    "resolved": "https://registry.npmjs.org/nanoassert/-/nanoassert-1.1.0.tgz",
                    "integrity": "sha1-TzFS4JVA/eKMdvRLGbvNHVpCR40="
                }
            }
        },
        "hypercore-crypto": {
            "version": "2.3.2",
            "resolved": "https://registry.npmjs.org/hypercore-crypto/-/hypercore-crypto-2.3.2.tgz",
            "integrity": "sha512-GzHgVOfr5utdiJG5QNcQZ0oo+/YQNbekpg429x00YpUobBraX2qEL3E+iH/EFEIdCQSiGHfToWyYw+OpznSjww==",
            "requires": {
                "sodium-universal": "^3.0.0",
                "uint64be": "^3.0.0"
            }
        },
        "inherits": {
            "version": "2.0.4",
            "resolved": "https://registry.npmjs.org/inherits/-/inherits-2.0.4.tgz",
            "integrity": "sha512-k/vGaX4/Yla3WzyMCvTQOXYeIHvqOKtnqBduzTHpzpQZzAskKMhZ2K+EnBiSM9zGSoIFeMpXKxa4dYeZIQqewQ=="
        },
        "is-core-module": {
            "version": "2.8.1",
            "resolved": "https://registry.npmjs.org/is-core-module/-/is-core-module-2.8.1.tgz",
            "integrity": "sha512-SdNCUs284hr40hFTFP6l0IfZ/RSrMXF3qgoRHd3/79unUTvrFO/JoXwkGm+5J/Oe3E/b5GsnG330uUNgRpu1PA==",
            "requires": {
                "has": "^1.0.3"
            }
        },
        "kademlia-routing-table": {
            "version": "1.0.0",
            "resolved": "https://registry.npmjs.org/kademlia-routing-table/-/kademlia-routing-table-1.0.0.tgz",
            "integrity": "sha512-31Loo/Cy4cbOB3zfk+knAI0mtTIQPB0oOTF1ofXK+n7/bF5I791ZKF9CgIejw45fkTUrW8IpjwM3b0iIaBOMsQ=="
        },
        "msgpackr": {
            "version": "1.5.4",
            "resolved": "https://registry.npmjs.org/msgpackr/-/msgpackr-1.5.4.tgz",
            "integrity": "sha512-Z7w5Jg+2Q9z9gJxeM68d7tSuWZZGnFIRhZnyqcZCa/1dKkhOCNvR1TUV3zzJ3+vj78vlwKRzUgVDlW4jiSOeDA==",
            "requires": {
                "msgpackr-extract": "^1.0.14"
            }
        },
        "msgpackr-extract": {
            "version": "1.0.16",
            "resolved": "https://registry.npmjs.org/msgpackr-extract/-/msgpackr-extract-1.0.16.tgz",
            "integrity": "sha512-fxdRfQUxPrL/TizyfYfMn09dK58e+d65bRD/fcaVH4052vj30QOzzqxcQIS7B0NsqlypEQ/6Du3QmP2DhWFfCA==",
            "optional": true,
            "requires": {
                "nan": "^2.14.2",
                "node-gyp-build": "^4.2.3"
            }
        },
        "nan": {
            "version": "2.15.0",
            "resolved": "https://registry.npmjs.org/nan/-/nan-2.15.0.tgz",
            "integrity": "sha512-8ZtvEnA2c5aYCZYd1cvgdnU6cqwixRoYg70xPLWUws5ORTa/lnw+u4amixRS/Ac5U5mQVgp9pnlSUnbNWFaWZQ==",
            "optional": true
        },
        "nanoassert": {
            "version": "2.0.0",
            "resolved": "https://registry.npmjs.org/nanoassert/-/nanoassert-2.0.0.tgz",
            "integrity": "sha512-7vO7n28+aYO4J+8w96AzhmU8G+Y/xpPDJz/se19ICsqj/momRbb9mh9ZUtkoJ5X3nTnPdhEJyc0qnM6yAsHBaA=="
        },
        "napi-macros": {
            "version": "2.0.0",
            "resolved": "https://registry.npmjs.org/napi-macros/-/napi-macros-2.0.0.tgz",
            "integrity": "sha512-A0xLykHtARfueITVDernsAWdtIMbOJgKgcluwENp3AlsKN/PloyO10HtmoqnFAQAcxPkgZN7wdfPfEd0zNGxbg=="
        },
        "nat-sampler": {
            "version": "1.0.1",
            "resolved": "https://registry.npmjs.org/nat-sampler/-/nat-sampler-1.0.1.tgz",
            "integrity": "sha512-yQvyNN7xbqR8crTKk3U8gRgpcV1Az+vfCEijiHu9oHHsnIl8n3x+yXNHl42M6L3czGynAVoOT9TqBfS87gDdcw=="
        },
        "node-gyp-build": {
            "version": "4.3.0",
            "resolved": "https://registry.npmjs.org/node-gyp-build/-/node-gyp-build-4.3.0.tgz",
            "integrity": "sha512-iWjXZvmboq0ja1pUGULQBexmxq8CV4xBhX7VDOTbL7ZR4FOowwY/VOtRxBN/yKxmdGoIp4j5ysNT4u3S2pDQ3Q=="
        },
        "noise-curve-ed": {
            "version": "1.0.4",
            "resolved": "https://registry.npmjs.org/noise-curve-ed/-/noise-curve-ed-1.0.4.tgz",
            "integrity": "sha512-plUUSEOU66FZ9TaBKpk4+fgQeeS+OLlThS2o8a1TxVpMWV2v1izvEnjSpFV9gEPZl4/1yN+S5KqLubFjogqQOw==",
            "requires": {
                "b4a": "^1.1.0",
                "nanoassert": "^2.0.0",
                "sodium-universal": "^3.0.4"
            }
        },
        "noise-handshake": {
            "version": "2.2.0",
            "resolved": "https://registry.npmjs.org/noise-handshake/-/noise-handshake-2.2.0.tgz",
            "integrity": "sha512-+0mFUc5YSnOPI+4K/7nr6XDGduITaUasPVurzrH03sk6yW+udKxP/qjEwEekRwIpnvcCKYnjiZ9HJenJv9ljZg==",
            "requires": {
                "b4a": "^1.1.0",
                "hmac-blake2b": "^2.0.0",
                "nanoassert": "^2.0.0",
                "sodium-universal": "^3.0.4"
            }
        },
        "path-parse": {
            "version": "1.0.7",
            "resolved": "https://registry.npmjs.org/path-parse/-/path-parse-1.0.7.tgz",
            "integrity": "sha512-LDJzPVEEEPR+y48z93A0Ed0yXb8pAByGWo/k5YYdYgpY2/2EsOsksJrq7lOHxryrVOn1ejG6oAp8ahvOIQD8sw=="
        },
        "queue-tick": {
            "version": "1.0.0",
            "resolved": "https://registry.npmjs.org/queue-tick/-/queue-tick-1.0.0.tgz",
            "integrity": "sha512-ULWhjjE8BmiICGn3G8+1L9wFpERNxkf8ysxkAer4+TFdRefDaXOCV5m92aMB9FtBVmn/8sETXLXY6BfW7hyaWQ=="
        },
        "readable-stream": {
            "version": "3.6.0",
            "resolved": "https://registry.npmjs.org/readable-stream/-/readable-stream-3.6.0.tgz",
            "integrity": "sha512-BViHy7LKeTz4oNnkcLJ+lVSL6vpiFeX6/d3oSH8zCW7UxP2onchk+vTGB143xuFjHS3deTgkKoXXymXqymiIdA==",
            "requires": {
                "inherits": "^2.0.3",
                "string_decoder": "^1.1.1",
                "util-deprecate": "^1.0.1"
            }
        },
        "record-cache": {
            "version": "1.2.0",
            "resolved": "https://registry.npmjs.org/record-cache/-/record-cache-1.2.0.tgz",
            "integrity": "sha512-kyy3HWCez2WrotaL3O4fTn0rsIdfRKOdQQcEJ9KpvmKmbffKVvwsloX063EgRUlpJIXHiDQFhJcTbZequ2uTZw==",
            "requires": {
                "b4a": "^1.3.1"
            }
        },
        "resolve": {
            "version": "1.22.0",
            "resolved": "https://registry.npmjs.org/resolve/-/resolve-1.22.0.tgz",
            "integrity": "sha512-Hhtrw0nLeSrFQ7phPp4OOcVjLPIeMnRlr5mcnVuMe7M/7eBn98A3hmFRLoFo3DLZkivSYwhRUJTyPyWAk56WLw==",
            "requires": {
                "is-core-module": "^2.8.1",
                "path-parse": "^1.0.7",
                "supports-preserve-symlinks-flag": "^1.0.0"
            }
        },
        "safe-buffer": {
            "version": "5.2.1",
            "resolved": "https://registry.npmjs.org/safe-buffer/-/safe-buffer-5.2.1.tgz",
            "integrity": "sha512-rp3So07KcdmmKbGvgaNxQSJr7bGVSVk5S9Eq1F+ppbRo70+YeaDxkw5Dd8NPN+GD6bjnYm2VuPuCXmpuYvmCXQ=="
        },
        "safety-catch": {
            "version": "1.0.1",
            "resolved": "https://registry.npmjs.org/safety-catch/-/safety-catch-1.0.1.tgz",
            "integrity": "sha512-LmPpHuNn2nDbHf7t5xGcPRBsXUnCC1NTiEDQqZfC+okR+E6R3ihHjYiUv7qoa96VnJA52WkqRWJoEN8dSY6TCg=="
        },
        "sha256-universal": {
            "version": "1.2.1",
            "resolved": "https://registry.npmjs.org/sha256-universal/-/sha256-universal-1.2.1.tgz",
            "integrity": "sha512-ghn3muhdn1ailCQqqceNxRgkOeZSVfSE13RQWEg6njB+itsFzGVSJv+O//2hvNXZuxVIRyNzrgsZ37SPDdGJJw==",
            "requires": {
                "b4a": "^1.0.1",
                "sha256-wasm": "^2.2.1"
            }
        },
        "sha256-wasm": {
            "version": "2.2.2",
            "resolved": "https://registry.npmjs.org/sha256-wasm/-/sha256-wasm-2.2.2.tgz",
            "integrity": "sha512-qKSGARvao+JQlFiA+sjJZhJ/61gmW/3aNLblB2rsgIxDlDxsJPHo8a1seXj12oKtuHVgJSJJ7QEGBUYQN741lQ==",
            "requires": {
                "b4a": "^1.0.1",
                "nanoassert": "^2.0.0"
            }
        },
        "sha512-universal": {
            "version": "1.2.1",
            "resolved": "https://registry.npmjs.org/sha512-universal/-/sha512-universal-1.2.1.tgz",
            "integrity": "sha512-kehYuigMoRkIngCv7rhgruLJNNHDnitGTBdkcYbCbooL8Cidj/bS78MDxByIjcc69M915WxcQTgZetZ1JbeQTQ==",
            "requires": {
                "b4a": "^1.0.1",
                "sha512-wasm": "^2.3.1"
            }
        },
        "sha512-wasm": {
            "version": "2.3.3",
            "resolved": "https://registry.npmjs.org/sha512-wasm/-/sha512-wasm-2.3.3.tgz",
            "integrity": "sha512-x8McxarTu+Wv5hu5TQE4qgSSGQ3JOX/OmkhLGVty+ajcEN6zLPqTS6Ljt/N6Gl2jI+3y0wjj+RxDxy8Ca9Krfw==",
            "requires": {
                "b4a": "^1.0.1",
                "nanoassert": "^2.0.0"
            }
        },
        "siphash24": {
            "version": "1.3.0",
            "resolved": "https://registry.npmjs.org/siphash24/-/siphash24-1.3.0.tgz",
            "integrity": "sha512-2HvNPUYcmoFks2IX2wI5D80NspdlgSJlCmPencbBMWhrZnNW3sgiC7owaB2Jj/9IiV9bdN2A00LaM8IcojB8rw==",
            "requires": {
                "nanoassert": "^2.0.0"
            }
        },
        "sodium-javascript": {
            "version": "0.8.0",
            "resolved": "https://registry.npmjs.org/sodium-javascript/-/sodium-javascript-0.8.0.tgz",
            "integrity": "sha512-rEBzR5mPxPES+UjyMDvKPIXy9ImF17KOJ32nJNi9uIquWpS/nfj+h6m05J5yLJaGXjgM72LmQoUbWZVxh/rmGg==",
            "requires": {
                "blake2b": "^2.1.1",
                "chacha20-universal": "^1.0.4",
                "nanoassert": "^2.0.0",
                "sha256-universal": "^1.1.0",
                "sha512-universal": "^1.1.0",
                "siphash24": "^1.0.1",
                "xsalsa20": "^1.0.0"
            }
        },
        "sodium-native": {
            "version": "3.3.0",
            "resolved": "https://registry.npmjs.org/sodium-native/-/sodium-native-3.3.0.tgz",
            "integrity": "sha512-rg6lCDM/qa3p07YGqaVD+ciAbUqm6SoO4xmlcfkbU5r1zIGrguXztLiEtaLYTV5U6k8KSIUFmnU3yQUSKmf6DA==",
            "requires": {
                "node-gyp-build": "^4.3.0"
            }
        },
        "sodium-secretstream": {
            "version": "1.0.2",
            "resolved": "https://registry.npmjs.org/sodium-secretstream/-/sodium-secretstream-1.0.2.tgz",
            "integrity": "sha512-AsWztbBHhHid+w5g28ftXA0mTrS52Dup7FYI0GR7ri1TQTlVsw0z//FNlhIqWsgtBctO/DxQosacbElCpmdcZw==",
            "requires": {
                "b4a": "^1.1.1",
                "sodium-universal": "^3.0.4"
            }
        },
        "sodium-universal": {
            "version": "3.1.0",
            "resolved": "https://registry.npmjs.org/sodium-universal/-/sodium-universal-3.1.0.tgz",
            "integrity": "sha512-N2gxk68Kg2qZLSJ4h0NffEhp4BjgWHCHXVlDi1aG1hA3y+ZeWEmHqnpml8Hy47QzfL1xLy5nwr9LcsWAg2Ep0A==",
            "requires": {
                "blake2b": "^2.1.1",
                "chacha20-universal": "^1.0.4",
                "nanoassert": "^2.0.0",
                "resolve": "^1.17.0",
                "sha256-universal": "^1.1.0",
                "sha512-universal": "^1.1.0",
                "siphash24": "^1.0.1",
                "sodium-javascript": "~0.8.0",
                "sodium-native": "^3.2.0",
                "xsalsa20": "^1.0.0"
            }
        },
        "streamx": {
            "version": "2.12.4",
            "resolved": "https://registry.npmjs.org/streamx/-/streamx-2.12.4.tgz",
            "integrity": "sha512-K3xdIp8YSkvbdI0PrCcP0JkniN8cPCyeKlcZgRFSl1o1xKINCYM93FryvTSOY57x73pz5/AjO5B8b9BYf21wWw==",
            "requires": {
                "fast-fifo": "^1.0.0",
                "queue-tick": "^1.0.0"
            }
        },
        "string_decoder": {
            "version": "1.3.0",
            "resolved": "https://registry.npmjs.org/string_decoder/-/string_decoder-1.3.0.tgz",
            "integrity": "sha512-hkRX8U1WjJFd8LsDJ2yQ/wWWxaopEsABU1XfkM8A+j0+85JAGppt16cr1Whg6KIbb4okU6Mql6BOj+uup/wKeA==",
            "requires": {
                "safe-buffer": "~5.2.0"
            }
        },
        "supports-preserve-symlinks-flag": {
            "version": "1.0.0",
            "resolved": "https://registry.npmjs.org/supports-preserve-symlinks-flag/-/supports-preserve-symlinks-flag-1.0.0.tgz",
            "integrity": "sha512-ot0WnXS9fgdkgIcePe6RHNk1WA8+muPa6cSjeR3V8K27q9BB1rTE3R1p7Hv0z1ZyAc8s6Vvv8DIyWf681MAt0w=="
        },
        "time-ordered-set": {
            "version": "1.0.2",
            "resolved": "https://registry.npmjs.org/time-ordered-set/-/time-ordered-set-1.0.2.tgz",
            "integrity": "sha512-vGO99JkxvgX+u+LtOKQEpYf31Kj3i/GNwVstfnh4dyINakMgeZCpew1e3Aj+06hEslhtHEd52g7m5IV+o1K8Mw=="
        },
        "timeout-refresh": {
            "version": "2.0.0",
            "resolved": "https://registry.npmjs.org/timeout-refresh/-/timeout-refresh-2.0.0.tgz",
            "integrity": "sha512-N/qi1NfneWGcCP1bH945YLTVuYHABSZT3lKA1NJRK2Ym/8Dsg/5mCru37Lc5SnaEZOtk9PIuciD7XwBgtN3o3A=="
        },
        "uint64be": {
            "version": "3.0.0",
            "resolved": "https://registry.npmjs.org/uint64be/-/uint64be-3.0.0.tgz",
            "integrity": "sha512-mliiCSrsE29aNBI7O9W5gGv6WmA9kBR8PtTt6Apaxns076IRdYrrtFhXHEWMj5CSum3U7cv7/pi4xmi4XsIOqg=="
        },
        "unordered-set": {
            "version": "2.0.1",
            "resolved": "https://registry.npmjs.org/unordered-set/-/unordered-set-2.0.1.tgz",
            "integrity": "sha512-eUmNTPzdx+q/WvOHW0bgGYLWvWHNT3PTKEQLg0MAQhc0AHASHVHoP/9YytYd4RBVariqno/mEUhVZN98CmD7bg=="
        },
        "util-deprecate": {
            "version": "1.0.2",
            "resolved": "https://registry.npmjs.org/util-deprecate/-/util-deprecate-1.0.2.tgz",
            "integrity": "sha1-RQ1Nyfpw3nMnYvvS1KKJgUGaDM8="
        },
        "utp-native": {
            "version": "2.5.3",
            "resolved": "https://registry.npmjs.org/utp-native/-/utp-native-2.5.3.tgz",
            "integrity": "sha512-sWTrWYXPhhWJh+cS2baPzhaZc89zwlWCfwSthUjGhLkZztyPhcQllo+XVVCbNGi7dhyRlxkWxN4NKU6FbA9Y8w==",
            "requires": {
                "napi-macros": "^2.0.0",
                "node-gyp-build": "^4.2.0",
                "readable-stream": "^3.0.2",
                "timeout-refresh": "^1.0.0",
                "unordered-set": "^2.0.1"
            },
            "dependencies": {
                "timeout-refresh": {
                    "version": "1.0.3",
                    "resolved": "https://registry.npmjs.org/timeout-refresh/-/timeout-refresh-1.0.3.tgz",
                    "integrity": "sha512-Mz0CX4vBGM5lj8ttbIFt7o4ZMxk/9rgudJRh76EvB7xXZMur7T/cjRiH2w4Fmkq0zxf2QpM8IFvOSRn8FEu3gA=="
                }
            }
        },
        "xache": {
            "version": "1.0.0",
            "resolved": "https://registry.npmjs.org/xache/-/xache-1.0.0.tgz",
            "integrity": "sha512-f4fYGFVY734UT4OOyTaKMdWdJ5asbMWKZvmQcoMFBeFNw0UOt0dEJTOlJeKmsduKqPj0UWsIx4SB76oCZagllQ=="
        },
        "xsalsa20": {
            "version": "1.2.0",
            "resolved": "https://registry.npmjs.org/xsalsa20/-/xsalsa20-1.2.0.tgz",
            "integrity": "sha512-FIr/DEeoHfj7ftfylnoFt3rAIRoWXpx2AoDfrT2qD2wtp7Dp+COajvs/Icb7uHqRW9m60f5iXZwdsJJO3kvb7w=="
        }
    }
}
