{
  "name": "hyper-ipc",
  "version": "1.0.24",
  "lockfileVersion": 2,
  "requires": true,
  "packages": {
    "": {
      "version": "1.0.24",
      "license": "MIT",
      "dependencies": {
        "@hyperswarm/dht": "^5.0.0-rc.3"
      }
    },
    "node_modules/@hyperswarm/dht": {
      "version": "5.0.0-rc.3",
      "resolved": "https://registry.npmjs.org/@hyperswarm/dht/-/dht-5.0.0-rc.3.tgz",
      "integrity": "sha512-n71MD7ug43hS8HSWfgwaONee26r4+U9k06Taqp/VMpG6ok4dfudFAt8e6yglp037kIFI2zWVf2gXYLuZCi7XeA==",
      "dependencies": {
        "compact-encoding": "^2.1.0",
        "dht-rpc": "next",
        "noise-protocol": "^3.0.1",
        "noise-secret-stream": "^3.0.1",
        "record-cache": "^1.1.1",
        "sodium-universal": "^3.0.4",
        "utp-native": "^2.4.0",
        "xache": "^1.0.0"
      }
    },
    "node_modules/blake2b": {
      "version": "2.1.3",
      "resolved": "https://registry.npmjs.org/blake2b/-/blake2b-2.1.3.tgz",
      "integrity": "sha512-pkDss4xFVbMb4270aCyGD3qLv92314Et+FsKzilCLxDz5DuZ2/1g3w4nmBbu6nKApPspnjG7JcwTjGZnduB1yg==",
      "dependencies": {
        "blake2b-wasm": "^1.1.0",
        "nanoassert": "^1.0.0"
      }
    },
    "node_modules/blake2b-wasm": {
      "version": "1.1.7",
      "resolved": "https://registry.npmjs.org/blake2b-wasm/-/blake2b-wasm-1.1.7.tgz",
      "integrity": "sha512-oFIHvXhlz/DUgF0kq5B1CqxIDjIJwh9iDeUUGQUcvgiGz7Wdw03McEO7CfLBy7QKGdsydcMCgO9jFNBAFCtFcA==",
      "dependencies": {
        "nanoassert": "^1.0.0"
      }
    },
    "node_modules/blake2b-wasm/node_modules/nanoassert": {
      "version": "1.1.0",
      "resolved": "https://registry.npmjs.org/nanoassert/-/nanoassert-1.1.0.tgz",
      "integrity": "sha1-TzFS4JVA/eKMdvRLGbvNHVpCR40="
    },
    "node_modules/blake2b/node_modules/nanoassert": {
      "version": "1.1.0",
      "resolved": "https://registry.npmjs.org/nanoassert/-/nanoassert-1.1.0.tgz",
      "integrity": "sha1-TzFS4JVA/eKMdvRLGbvNHVpCR40="
    },
    "node_modules/chacha20-universal": {
      "version": "1.0.4",
      "resolved": "https://registry.npmjs.org/chacha20-universal/-/chacha20-universal-1.0.4.tgz",
      "integrity": "sha512-/IOxdWWNa7nRabfe7+oF+jVkGjlr2xUL4J8l/OvzZhj+c9RpMqoo3Dq+5nU1j/BflRV4BKnaQ4+4oH1yBpQG1Q==",
      "dependencies": {
        "nanoassert": "^2.0.0"
      }
    },
    "node_modules/clone": {
      "version": "2.1.2",
      "resolved": "https://registry.npmjs.org/clone/-/clone-2.1.2.tgz",
      "integrity": "sha1-G39Ln1kfHo+DZwQBYANFoCiHQ18=",
      "engines": {
        "node": ">=0.8"
      }
    },
    "node_modules/compact-encoding": {
      "version": "2.1.0",
      "resolved": "https://registry.npmjs.org/compact-encoding/-/compact-encoding-2.1.0.tgz",
      "integrity": "sha512-sT6Bw/7Y1QfrJb4ak2iMIziwcsvSemi6xq/l+R6iAtsQhjVsLn8gic3s9Gg4bn21ahT7WTtrZ2lXAa4mgblxlw=="
    },
    "node_modules/dht-rpc": {
      "version": "5.0.0-rc.5",
      "resolved": "https://registry.npmjs.org/dht-rpc/-/dht-rpc-5.0.0-rc.5.tgz",
      "integrity": "sha512-9VOoV7OEwu2exZdrVQmGHMbiAl5rX906uLthusNehvNJAvp9vf7UdTzZ6AFJnGq7Fr4jimoEtoOdFGVke3aOnw==",
      "dependencies": {
        "compact-encoding": "^2.1.0",
        "fast-fifo": "^1.0.0",
        "kademlia-routing-table": "^1.0.0",
        "sodium-universal": "^3.0.4",
        "streamx": "^2.10.3",
        "time-ordered-set": "^1.0.2"
      }
    },
    "node_modules/fast-fifo": {
      "version": "1.0.0",
      "resolved": "https://registry.npmjs.org/fast-fifo/-/fast-fifo-1.0.0.tgz",
      "integrity": "sha512-4VEXmjxLj7sbs8J//cn2qhRap50dGzF5n8fjay8mau+Jn4hxSeR3xPFwxMaQq/pDaq7+KQk0PAbC2+nWDkJrmQ=="
    },
    "node_modules/function-bind": {
      "version": "1.1.1",
      "resolved": "https://registry.npmjs.org/function-bind/-/function-bind-1.1.1.tgz",
      "integrity": "sha512-yIovAzMX49sF8Yl58fSCWJ5svSLuaibPxXQJFLmBObTuCr0Mf1KiPopGM9NiFjiYBCbfaa2Fh6breQ6ANVTI0A=="
    },
    "node_modules/has": {
      "version": "1.0.3",
      "resolved": "https://registry.npmjs.org/has/-/has-1.0.3.tgz",
      "integrity": "sha512-f2dvO0VU6Oej7RkWJGrehjbzMAjFp5/VKPp5tTpWIV4JHHZK1/BxbFRtf/siA2SWTe09caDmVtYYzWEIbBS4zw==",
      "dependencies": {
        "function-bind": "^1.1.1"
      },
      "engines": {
        "node": ">= 0.4.0"
      }
    },
    "node_modules/hmac-blake2b": {
      "version": "2.0.0",
      "resolved": "https://registry.npmjs.org/hmac-blake2b/-/hmac-blake2b-2.0.0.tgz",
      "integrity": "sha512-JbGNtM1YRd8EQH/2vNTAP1oy5lJVPlBFYZfCJTu3k8sqOUm0rRIf/3+MCd5noVykETwTbun6jEOc+4Tu78ubHA==",
      "dependencies": {
        "nanoassert": "^1.1.0",
        "sodium-native": "^3.1.1",
        "sodium-universal": "^3.0.0"
      }
    },
    "node_modules/hmac-blake2b/node_modules/nanoassert": {
      "version": "1.1.0",
      "resolved": "https://registry.npmjs.org/nanoassert/-/nanoassert-1.1.0.tgz",
      "integrity": "sha1-TzFS4JVA/eKMdvRLGbvNHVpCR40="
    },
    "node_modules/hypercore-crypto": {
      "version": "2.3.0",
      "resolved": "https://registry.npmjs.org/hypercore-crypto/-/hypercore-crypto-2.3.0.tgz",
      "integrity": "sha512-HdI0VKwPHVIsbkJ2kFot5XRJoQOO1rGg0G2X+Z/mrP8vfZPFD5H1wwJ5nBDp0QYsZfHjOq0nOuUoW/NgdOZofA==",
      "dependencies": {
        "sodium-universal": "^3.0.0",
        "uint64be": "^3.0.0"
      }
    },
    "node_modules/inherits": {
      "version": "2.0.4",
      "resolved": "https://registry.npmjs.org/inherits/-/inherits-2.0.4.tgz",
      "integrity": "sha512-k/vGaX4/Yla3WzyMCvTQOXYeIHvqOKtnqBduzTHpzpQZzAskKMhZ2K+EnBiSM9zGSoIFeMpXKxa4dYeZIQqewQ=="
    },
    "node_modules/ini": {
      "version": "1.3.8",
      "resolved": "https://registry.npmjs.org/ini/-/ini-1.3.8.tgz",
      "integrity": "sha512-JV/yugV2uzW5iMRSiZAyDtQd+nxtUnjeLt0acNdw98kKLrvuRVyB80tsREOE7yvGVgalhZ6RNXCmEHkUKBKxew=="
    },
    "node_modules/is-core-module": {
      "version": "2.4.0",
      "resolved": "https://registry.npmjs.org/is-core-module/-/is-core-module-2.4.0.tgz",
      "integrity": "sha512-6A2fkfq1rfeQZjxrZJGerpLCTHRNEBiSgnu0+obeJpEPZRUooHgsizvzv0ZjJwOz3iWIHdJtVWJ/tmPr3D21/A==",
      "dependencies": {
        "has": "^1.0.3"
      },
      "funding": {
        "url": "https://github.com/sponsors/ljharb"
      }
    },
    "node_modules/kademlia-routing-table": {
      "version": "1.0.0",
      "resolved": "https://registry.npmjs.org/kademlia-routing-table/-/kademlia-routing-table-1.0.0.tgz",
      "integrity": "sha512-31Loo/Cy4cbOB3zfk+knAI0mtTIQPB0oOTF1ofXK+n7/bF5I791ZKF9CgIejw45fkTUrW8IpjwM3b0iIaBOMsQ=="
    },
    "node_modules/nanoassert": {
      "version": "2.0.0",
      "resolved": "https://registry.npmjs.org/nanoassert/-/nanoassert-2.0.0.tgz",
      "integrity": "sha512-7vO7n28+aYO4J+8w96AzhmU8G+Y/xpPDJz/se19ICsqj/momRbb9mh9ZUtkoJ5X3nTnPdhEJyc0qnM6yAsHBaA=="
    },
    "node_modules/napi-macros": {
      "version": "2.0.0",
      "resolved": "https://registry.npmjs.org/napi-macros/-/napi-macros-2.0.0.tgz",
      "integrity": "sha512-A0xLykHtARfueITVDernsAWdtIMbOJgKgcluwENp3AlsKN/PloyO10HtmoqnFAQAcxPkgZN7wdfPfEd0zNGxbg=="
    },
    "node_modules/node-gyp-build": {
      "version": "4.2.3",
      "resolved": "https://registry.npmjs.org/node-gyp-build/-/node-gyp-build-4.2.3.tgz",
      "integrity": "sha512-MN6ZpzmfNCRM+3t57PTJHgHyw/h4OWnZ6mR8P5j/uZtqQr46RRuDE/P+g3n0YR/AiYXeWixZZzaip77gdICfRg==",
      "bin": {
        "node-gyp-build": "bin.js",
        "node-gyp-build-optional": "optional.js",
        "node-gyp-build-test": "build-test.js"
      }
    },
    "node_modules/noise-protocol": {
      "version": "3.0.1",
      "resolved": "https://registry.npmjs.org/noise-protocol/-/noise-protocol-3.0.1.tgz",
      "integrity": "sha512-4rQGZvismeb4tMf91O31oDYLGntkEs4p4wa69+14juHTV4A3COtWyDck9PwBqFjg7S8TPZLCUXUdOnOZQJ5UBA==",
      "dependencies": {
        "clone": "^2.1.2",
        "hmac-blake2b": "^2.0.0",
        "nanoassert": "^2.0.0",
        "sodium-universal": "^3.0.2"
      }
    },
    "node_modules/noise-secret-stream": {
      "version": "3.1.1",
      "resolved": "https://registry.npmjs.org/noise-secret-stream/-/noise-secret-stream-3.1.1.tgz",
      "integrity": "sha512-dP2Z7BgVj4LPEnDPYI6iXAEdUbQrB3bLc2LjQdmXJIBNjoiYVH5d/DawXQI4ZLmRgeqRMt7EDzT+Ffn8ouG3vw==",
      "dependencies": {
        "noise-protocol": "^3.0.1",
        "sodium-secretstream": "^1.0.0",
        "sodium-universal": "^3.0.4",
        "streamx": "^2.10.2"
      }
    },
    "node_modules/path-parse": {
      "version": "1.0.7",
      "resolved": "https://registry.npmjs.org/path-parse/-/path-parse-1.0.7.tgz",
      "integrity": "sha512-LDJzPVEEEPR+y48z93A0Ed0yXb8pAByGWo/k5YYdYgpY2/2EsOsksJrq7lOHxryrVOn1ejG6oAp8ahvOIQD8sw=="
    },
    "node_modules/readable-stream": {
      "version": "3.6.0",
      "resolved": "https://registry.npmjs.org/readable-stream/-/readable-stream-3.6.0.tgz",
      "integrity": "sha512-BViHy7LKeTz4oNnkcLJ+lVSL6vpiFeX6/d3oSH8zCW7UxP2onchk+vTGB143xuFjHS3deTgkKoXXymXqymiIdA==",
      "dependencies": {
        "inherits": "^2.0.3",
        "string_decoder": "^1.1.1",
        "util-deprecate": "^1.0.1"
      },
      "engines": {
        "node": ">= 6"
      }
    },
    "node_modules/record-cache": {
      "version": "1.1.1",
      "resolved": "https://registry.npmjs.org/record-cache/-/record-cache-1.1.1.tgz",
      "integrity": "sha512-L5hZlgWc7CmGbztnemQoKE1bLu9rtI2skOB0ttE4C5+TVszLE8Rd0YLTROSgvXKLAqPumS/soyN5tJW5wJLmJQ=="
    },
    "node_modules/resolve": {
      "version": "1.20.0",
      "resolved": "https://registry.npmjs.org/resolve/-/resolve-1.20.0.tgz",
      "integrity": "sha512-wENBPt4ySzg4ybFQW2TT1zMQucPK95HSh/nq2CFTZVOGut2+pQvSsgtda4d26YrYcr067wjbmzOG8byDPBX63A==",
      "dependencies": {
        "is-core-module": "^2.2.0",
        "path-parse": "^1.0.6"
      },
      "funding": {
        "url": "https://github.com/sponsors/ljharb"
      }
    },
    "node_modules/safe-buffer": {
      "version": "5.2.1",
      "resolved": "https://registry.npmjs.org/safe-buffer/-/safe-buffer-5.2.1.tgz",
      "integrity": "sha512-rp3So07KcdmmKbGvgaNxQSJr7bGVSVk5S9Eq1F+ppbRo70+YeaDxkw5Dd8NPN+GD6bjnYm2VuPuCXmpuYvmCXQ==",
      "funding": [
        {
          "type": "github",
          "url": "https://github.com/sponsors/feross"
        },
        {
          "type": "patreon",
          "url": "https://www.patreon.com/feross"
        },
        {
          "type": "consulting",
          "url": "https://feross.org/support"
        }
      ]
    },
    "node_modules/sha256-universal": {
      "version": "1.1.2",
      "resolved": "https://registry.npmjs.org/sha256-universal/-/sha256-universal-1.1.2.tgz",
      "integrity": "sha512-sheCCiEJve+8rS/fgCaXax8SpXrLzPipCvp0+VDXXjDEHw2DdYqV2PdHVNMNWZrQ3fiQjaor4rQCzYdr3g7TIA==",
      "dependencies": {
        "sha256-wasm": "^2.2.1"
      }
    },
    "node_modules/sha256-wasm": {
      "version": "2.2.1",
      "resolved": "https://registry.npmjs.org/sha256-wasm/-/sha256-wasm-2.2.1.tgz",
      "integrity": "sha512-OkqDgOpo86LzdWlpYVC/MfcQ1jytfR/wxPsGFJTWeEIyLaJg4spZTNQ40vuhYsLNDFidxqvMGae6u9VirkgqqA==",
      "dependencies": {
        "nanoassert": "^2.0.0"
      }
    },
    "node_modules/sha512-universal": {
      "version": "1.1.2",
      "resolved": "https://registry.npmjs.org/sha512-universal/-/sha512-universal-1.1.2.tgz",
      "integrity": "sha512-QGS+eFX3ycFiRl5TxIxWv5ltAYXaLpnUeLMJpnEVIB7dEI/7pw3X0kYe3msuE4XaHERReuqDKBYRrCiQsqlESQ==",
      "dependencies": {
        "sha512-wasm": "^2.3.1"
      }
    },
    "node_modules/sha512-wasm": {
      "version": "2.3.1",
      "resolved": "https://registry.npmjs.org/sha512-wasm/-/sha512-wasm-2.3.1.tgz",
      "integrity": "sha512-YxBYNsaHzTJh5gmk6AbD5aAvXktHy5LsjqbaEVdL60XslC4C7U23w2Mt8g+UDcvidr/K9aFZy3V71Y86Ech27A==",
      "dependencies": {
        "nanoassert": "^2.0.0"
      }
    },
    "node_modules/siphash24": {
      "version": "1.2.0",
      "resolved": "https://registry.npmjs.org/siphash24/-/siphash24-1.2.0.tgz",
      "integrity": "sha512-51yTA4ZqBY0tHTsBVGy3KAmMI7ArtwSOSmfFwJnZHFL+K76RMzZLx4m59HY5HSByjGHF3q+Fmcl8e5bMF160iQ==",
      "dependencies": {
        "nanoassert": "^2.0.0"
      }
    },
    "node_modules/sodium-javascript": {
      "version": "0.7.3",
      "resolved": "https://registry.npmjs.org/sodium-javascript/-/sodium-javascript-0.7.3.tgz",
      "integrity": "sha512-J2Zzj61bo41oBO4yEM9hTaNo3J98AcmFctjRg3D7+0A5cXdB1jlQOHV1qo2NavDU3BpqCfxdHW5UXCv565zh6Q==",
      "dependencies": {
        "blake2b": "^2.1.1",
        "chacha20-universal": "^1.0.4",
        "nanoassert": "^2.0.0",
        "sha256-universal": "^1.1.0",
        "sha512-universal": "^1.1.0",
        "siphash24": "^1.0.1",
        "xsalsa20": "^1.0.0"
      }
    },
    "node_modules/sodium-native": {
      "version": "3.2.1",
      "resolved": "https://registry.npmjs.org/sodium-native/-/sodium-native-3.2.1.tgz",
      "integrity": "sha512-EgDZ/Z7PxL2kCasKk7wnRkV8W9kvwuIlHuHXAxkQm3FF0MgVsjyLBXGjSRGhjE6u7rhSpk3KaMfFM23bfMysIQ==",
      "hasInstallScript": true,
      "dependencies": {
        "ini": "^1.3.5",
        "node-gyp-build": "^4.2.0"
      }
    },
    "node_modules/sodium-secretstream": {
      "version": "1.0.1",
      "resolved": "https://registry.npmjs.org/sodium-secretstream/-/sodium-secretstream-1.0.1.tgz",
      "integrity": "sha512-hsln2izJxZRR/NIzVoQg8omBOGmHZk+BvOiADMGb4eNcrrjZ13CYfr1Xqb69d6WtRfjlGH3qn43Ikqrca7EXaw==",
      "dependencies": {
        "sodium-universal": "^3.0.4"
      }
    },
    "node_modules/sodium-universal": {
      "version": "3.0.4",
      "resolved": "https://registry.npmjs.org/sodium-universal/-/sodium-universal-3.0.4.tgz",
      "integrity": "sha512-WnBQ0GDo/82shKQHZBZT9h4q4miCtxkbzcwVLsCBPWNq4qbq8BXhKICt9nPwQAsJ43ct/rF61FKu4t0druUBug==",
      "dependencies": {
        "blake2b": "^2.1.1",
        "chacha20-universal": "^1.0.4",
        "nanoassert": "^2.0.0",
        "resolve": "^1.17.0",
        "sha256-universal": "^1.1.0",
        "sha512-universal": "^1.1.0",
        "siphash24": "^1.0.1",
        "sodium-javascript": "~0.7.2",
        "sodium-native": "^3.2.0",
        "xsalsa20": "^1.0.0"
      }
    },
    "node_modules/streamx": {
      "version": "2.10.3",
      "resolved": "https://registry.npmjs.org/streamx/-/streamx-2.10.3.tgz",
      "integrity": "sha512-Ss4rEDWlTAUrIqaQsX6tNBNANHxSmbyrA5PlCji0a6xdJtVzfkEMLLrkVW5OSyr4TshiSb1WA2TqMGMUpGnouQ==",
      "dependencies": {
        "fast-fifo": "^1.0.0"
      }
    },
    "node_modules/string_decoder": {
      "version": "1.3.0",
      "resolved": "https://registry.npmjs.org/string_decoder/-/string_decoder-1.3.0.tgz",
      "integrity": "sha512-hkRX8U1WjJFd8LsDJ2yQ/wWWxaopEsABU1XfkM8A+j0+85JAGppt16cr1Whg6KIbb4okU6Mql6BOj+uup/wKeA==",
      "dependencies": {
        "safe-buffer": "~5.2.0"
      }
    },
    "node_modules/time-ordered-set": {
      "version": "1.0.2",
      "resolved": "https://registry.npmjs.org/time-ordered-set/-/time-ordered-set-1.0.2.tgz",
      "integrity": "sha512-vGO99JkxvgX+u+LtOKQEpYf31Kj3i/GNwVstfnh4dyINakMgeZCpew1e3Aj+06hEslhtHEd52g7m5IV+o1K8Mw=="
    },
    "node_modules/timeout-refresh": {
      "version": "1.0.3",
      "resolved": "https://registry.npmjs.org/timeout-refresh/-/timeout-refresh-1.0.3.tgz",
      "integrity": "sha512-Mz0CX4vBGM5lj8ttbIFt7o4ZMxk/9rgudJRh76EvB7xXZMur7T/cjRiH2w4Fmkq0zxf2QpM8IFvOSRn8FEu3gA=="
    },
    "node_modules/uint64be": {
      "version": "3.0.0",
      "resolved": "https://registry.npmjs.org/uint64be/-/uint64be-3.0.0.tgz",
      "integrity": "sha512-mliiCSrsE29aNBI7O9W5gGv6WmA9kBR8PtTt6Apaxns076IRdYrrtFhXHEWMj5CSum3U7cv7/pi4xmi4XsIOqg=="
    },
    "node_modules/unordered-set": {
      "version": "2.0.1",
      "resolved": "https://registry.npmjs.org/unordered-set/-/unordered-set-2.0.1.tgz",
      "integrity": "sha512-eUmNTPzdx+q/WvOHW0bgGYLWvWHNT3PTKEQLg0MAQhc0AHASHVHoP/9YytYd4RBVariqno/mEUhVZN98CmD7bg=="
    },
    "node_modules/util-deprecate": {
      "version": "1.0.2",
      "resolved": "https://registry.npmjs.org/util-deprecate/-/util-deprecate-1.0.2.tgz",
      "integrity": "sha1-RQ1Nyfpw3nMnYvvS1KKJgUGaDM8="
    },
    "node_modules/utp-native": {
      "version": "2.5.1",
      "resolved": "https://registry.npmjs.org/utp-native/-/utp-native-2.5.1.tgz",
      "integrity": "sha512-wbrJwR8DZx8N9s1ffTcMuBK7tMBQ9tvKpIL+mWHrDvGUYfV7ivroEGFTXUr4meqy/PVbUdMfURSoBbwuGtt/YQ==",
      "hasInstallScript": true,
      "dependencies": {
        "napi-macros": "^2.0.0",
        "node-gyp-build": "^4.2.0",
        "readable-stream": "^3.0.2",
        "timeout-refresh": "^1.0.0",
        "unordered-set": "^2.0.1"
      },
      "bin": {
        "ucat": "ucat.js"
      },
      "engines": {
        "node": ">=8.12"
      }
    },
    "node_modules/xache": {
      "version": "1.0.0",
      "resolved": "https://registry.npmjs.org/xache/-/xache-1.0.0.tgz",
      "integrity": "sha512-f4fYGFVY734UT4OOyTaKMdWdJ5asbMWKZvmQcoMFBeFNw0UOt0dEJTOlJeKmsduKqPj0UWsIx4SB76oCZagllQ=="
    },
    "node_modules/xsalsa20": {
      "version": "1.1.0",
      "resolved": "https://registry.npmjs.org/xsalsa20/-/xsalsa20-1.1.0.tgz",
      "integrity": "sha512-zd3ytX2cm+tcSndRU+krm0eL4TMMpZE7evs5hLRAoOy6gviqLfe3qOlkjF3i5SeAkQUCeJk0lJZrEU56kHRfWw=="
    }
  },
  "dependencies": {
    "@hyperswarm/dht": {
      "version": "5.0.0-rc.3",
      "resolved": "https://registry.npmjs.org/@hyperswarm/dht/-/dht-5.0.0-rc.3.tgz",
      "integrity": "sha512-n71MD7ug43hS8HSWfgwaONee26r4+U9k06Taqp/VMpG6ok4dfudFAt8e6yglp037kIFI2zWVf2gXYLuZCi7XeA==",
      "requires": {
        "compact-encoding": "^2.1.0",
        "dht-rpc": "next",
        "noise-protocol": "^3.0.1",
        "noise-secret-stream": "^3.0.1",
        "record-cache": "^1.1.1",
        "sodium-universal": "^3.0.4",
        "utp-native": "^2.4.0",
        "xache": "^1.0.0"
      }
    },
    "blake2b": {
      "version": "2.1.3",
      "resolved": "https://registry.npmjs.org/blake2b/-/blake2b-2.1.3.tgz",
      "integrity": "sha512-pkDss4xFVbMb4270aCyGD3qLv92314Et+FsKzilCLxDz5DuZ2/1g3w4nmBbu6nKApPspnjG7JcwTjGZnduB1yg==",
      "requires": {
        "blake2b-wasm": "^1.1.0",
        "nanoassert": "^1.0.0"
      },
      "dependencies": {
        "nanoassert": {
          "version": "1.1.0",
          "resolved": "https://registry.npmjs.org/nanoassert/-/nanoassert-1.1.0.tgz",
          "integrity": "sha1-TzFS4JVA/eKMdvRLGbvNHVpCR40="
        }
      }
    },
    "blake2b-wasm": {
      "version": "1.1.7",
      "resolved": "https://registry.npmjs.org/blake2b-wasm/-/blake2b-wasm-1.1.7.tgz",
      "integrity": "sha512-oFIHvXhlz/DUgF0kq5B1CqxIDjIJwh9iDeUUGQUcvgiGz7Wdw03McEO7CfLBy7QKGdsydcMCgO9jFNBAFCtFcA==",
      "requires": {
        "nanoassert": "^1.0.0"
      },
      "dependencies": {
        "nanoassert": {
          "version": "1.1.0",
          "resolved": "https://registry.npmjs.org/nanoassert/-/nanoassert-1.1.0.tgz",
          "integrity": "sha1-TzFS4JVA/eKMdvRLGbvNHVpCR40="
        }
      }
    },
    "chacha20-universal": {
      "version": "1.0.4",
      "resolved": "https://registry.npmjs.org/chacha20-universal/-/chacha20-universal-1.0.4.tgz",
      "integrity": "sha512-/IOxdWWNa7nRabfe7+oF+jVkGjlr2xUL4J8l/OvzZhj+c9RpMqoo3Dq+5nU1j/BflRV4BKnaQ4+4oH1yBpQG1Q==",
      "requires": {
        "nanoassert": "^2.0.0"
      }
    },
    "clone": {
      "version": "2.1.2",
      "resolved": "https://registry.npmjs.org/clone/-/clone-2.1.2.tgz",
      "integrity": "sha1-G39Ln1kfHo+DZwQBYANFoCiHQ18="
    },
    "compact-encoding": {
      "version": "2.1.0",
      "resolved": "https://registry.npmjs.org/compact-encoding/-/compact-encoding-2.1.0.tgz",
      "integrity": "sha512-sT6Bw/7Y1QfrJb4ak2iMIziwcsvSemi6xq/l+R6iAtsQhjVsLn8gic3s9Gg4bn21ahT7WTtrZ2lXAa4mgblxlw=="
    },
    "dht-rpc": {
      "version": "5.0.0-rc.5",
      "resolved": "https://registry.npmjs.org/dht-rpc/-/dht-rpc-5.0.0-rc.5.tgz",
      "integrity": "sha512-9VOoV7OEwu2exZdrVQmGHMbiAl5rX906uLthusNehvNJAvp9vf7UdTzZ6AFJnGq7Fr4jimoEtoOdFGVke3aOnw==",
      "requires": {
        "compact-encoding": "^2.1.0",
        "fast-fifo": "^1.0.0",
        "kademlia-routing-table": "^1.0.0",
        "sodium-universal": "^3.0.4",
        "streamx": "^2.10.3",
        "time-ordered-set": "^1.0.2"
      }
    },
    "fast-fifo": {
      "version": "1.0.0",
      "resolved": "https://registry.npmjs.org/fast-fifo/-/fast-fifo-1.0.0.tgz",
      "integrity": "sha512-4VEXmjxLj7sbs8J//cn2qhRap50dGzF5n8fjay8mau+Jn4hxSeR3xPFwxMaQq/pDaq7+KQk0PAbC2+nWDkJrmQ=="
    },
    "function-bind": {
      "version": "1.1.1",
      "resolved": "https://registry.npmjs.org/function-bind/-/function-bind-1.1.1.tgz",
      "integrity": "sha512-yIovAzMX49sF8Yl58fSCWJ5svSLuaibPxXQJFLmBObTuCr0Mf1KiPopGM9NiFjiYBCbfaa2Fh6breQ6ANVTI0A=="
    },
    "has": {
      "version": "1.0.3",
      "resolved": "https://registry.npmjs.org/has/-/has-1.0.3.tgz",
      "integrity": "sha512-f2dvO0VU6Oej7RkWJGrehjbzMAjFp5/VKPp5tTpWIV4JHHZK1/BxbFRtf/siA2SWTe09caDmVtYYzWEIbBS4zw==",
      "requires": {
        "function-bind": "^1.1.1"
      }
    },
    "hmac-blake2b": {
      "version": "2.0.0",
      "resolved": "https://registry.npmjs.org/hmac-blake2b/-/hmac-blake2b-2.0.0.tgz",
      "integrity": "sha512-JbGNtM1YRd8EQH/2vNTAP1oy5lJVPlBFYZfCJTu3k8sqOUm0rRIf/3+MCd5noVykETwTbun6jEOc+4Tu78ubHA==",
      "requires": {
        "nanoassert": "^1.1.0",
        "sodium-native": "^3.1.1",
        "sodium-universal": "^3.0.0"
      },
      "dependencies": {
        "nanoassert": {
          "version": "1.1.0",
          "resolved": "https://registry.npmjs.org/nanoassert/-/nanoassert-1.1.0.tgz",
          "integrity": "sha1-TzFS4JVA/eKMdvRLGbvNHVpCR40="
        }
      }
    },
    "hypercore-crypto": {
      "version": "https://registry.npmjs.org/hypercore-crypto/-/hypercore-crypto-2.3.0.tgz",
      "integrity": "sha512-HdI0VKwPHVIsbkJ2kFot5XRJoQOO1rGg0G2X+Z/mrP8vfZPFD5H1wwJ5nBDp0QYsZfHjOq0nOuUoW/NgdOZofA==",
      "requires": {
        "sodium-universal": "^3.0.0",
        "uint64be": "^3.0.0"
      }
    },
    "inherits": {
      "version": "2.0.4",
      "resolved": "https://registry.npmjs.org/inherits/-/inherits-2.0.4.tgz",
      "integrity": "sha512-k/vGaX4/Yla3WzyMCvTQOXYeIHvqOKtnqBduzTHpzpQZzAskKMhZ2K+EnBiSM9zGSoIFeMpXKxa4dYeZIQqewQ=="
    },
    "ini": {
      "version": "1.3.8",
      "resolved": "https://registry.npmjs.org/ini/-/ini-1.3.8.tgz",
      "integrity": "sha512-JV/yugV2uzW5iMRSiZAyDtQd+nxtUnjeLt0acNdw98kKLrvuRVyB80tsREOE7yvGVgalhZ6RNXCmEHkUKBKxew=="
    },
    "is-core-module": {
      "version": "2.4.0",
      "resolved": "https://registry.npmjs.org/is-core-module/-/is-core-module-2.4.0.tgz",
      "integrity": "sha512-6A2fkfq1rfeQZjxrZJGerpLCTHRNEBiSgnu0+obeJpEPZRUooHgsizvzv0ZjJwOz3iWIHdJtVWJ/tmPr3D21/A==",
      "requires": {
        "has": "^1.0.3"
      }
    },
    "kademlia-routing-table": {
      "version": "1.0.0",
      "resolved": "https://registry.npmjs.org/kademlia-routing-table/-/kademlia-routing-table-1.0.0.tgz",
      "integrity": "sha512-31Loo/Cy4cbOB3zfk+knAI0mtTIQPB0oOTF1ofXK+n7/bF5I791ZKF9CgIejw45fkTUrW8IpjwM3b0iIaBOMsQ=="
    },
    "nanoassert": {
      "version": "2.0.0",
      "resolved": "https://registry.npmjs.org/nanoassert/-/nanoassert-2.0.0.tgz",
      "integrity": "sha512-7vO7n28+aYO4J+8w96AzhmU8G+Y/xpPDJz/se19ICsqj/momRbb9mh9ZUtkoJ5X3nTnPdhEJyc0qnM6yAsHBaA=="
    },
    "napi-macros": {
      "version": "2.0.0",
      "resolved": "https://registry.npmjs.org/napi-macros/-/napi-macros-2.0.0.tgz",
      "integrity": "sha512-A0xLykHtARfueITVDernsAWdtIMbOJgKgcluwENp3AlsKN/PloyO10HtmoqnFAQAcxPkgZN7wdfPfEd0zNGxbg=="
    },
    "node-gyp-build": {
      "version": "4.2.3",
      "resolved": "https://registry.npmjs.org/node-gyp-build/-/node-gyp-build-4.2.3.tgz",
      "integrity": "sha512-MN6ZpzmfNCRM+3t57PTJHgHyw/h4OWnZ6mR8P5j/uZtqQr46RRuDE/P+g3n0YR/AiYXeWixZZzaip77gdICfRg=="
    },
    "noise-protocol": {
      "version": "3.0.1",
      "resolved": "https://registry.npmjs.org/noise-protocol/-/noise-protocol-3.0.1.tgz",
      "integrity": "sha512-4rQGZvismeb4tMf91O31oDYLGntkEs4p4wa69+14juHTV4A3COtWyDck9PwBqFjg7S8TPZLCUXUdOnOZQJ5UBA==",
      "requires": {
        "clone": "^2.1.2",
        "hmac-blake2b": "^2.0.0",
        "nanoassert": "^2.0.0",
        "sodium-universal": "^3.0.2"
      }
    },
    "noise-secret-stream": {
      "version": "3.1.1",
      "resolved": "https://registry.npmjs.org/noise-secret-stream/-/noise-secret-stream-3.1.1.tgz",
      "integrity": "sha512-dP2Z7BgVj4LPEnDPYI6iXAEdUbQrB3bLc2LjQdmXJIBNjoiYVH5d/DawXQI4ZLmRgeqRMt7EDzT+Ffn8ouG3vw==",
      "requires": {
        "noise-protocol": "^3.0.1",
        "sodium-secretstream": "^1.0.0",
        "sodium-universal": "^3.0.4",
        "streamx": "^2.10.2"
      }
    },
    "path-parse": {
      "version": "1.0.7",
      "resolved": "https://registry.npmjs.org/path-parse/-/path-parse-1.0.7.tgz",
      "integrity": "sha512-LDJzPVEEEPR+y48z93A0Ed0yXb8pAByGWo/k5YYdYgpY2/2EsOsksJrq7lOHxryrVOn1ejG6oAp8ahvOIQD8sw=="
    },
    "readable-stream": {
      "version": "3.6.0",
      "resolved": "https://registry.npmjs.org/readable-stream/-/readable-stream-3.6.0.tgz",
      "integrity": "sha512-BViHy7LKeTz4oNnkcLJ+lVSL6vpiFeX6/d3oSH8zCW7UxP2onchk+vTGB143xuFjHS3deTgkKoXXymXqymiIdA==",
      "requires": {
        "inherits": "^2.0.3",
        "string_decoder": "^1.1.1",
        "util-deprecate": "^1.0.1"
      }
    },
    "record-cache": {
      "version": "1.1.1",
      "resolved": "https://registry.npmjs.org/record-cache/-/record-cache-1.1.1.tgz",
      "integrity": "sha512-L5hZlgWc7CmGbztnemQoKE1bLu9rtI2skOB0ttE4C5+TVszLE8Rd0YLTROSgvXKLAqPumS/soyN5tJW5wJLmJQ=="
    },
    "resolve": {
      "version": "1.20.0",
      "resolved": "https://registry.npmjs.org/resolve/-/resolve-1.20.0.tgz",
      "integrity": "sha512-wENBPt4ySzg4ybFQW2TT1zMQucPK95HSh/nq2CFTZVOGut2+pQvSsgtda4d26YrYcr067wjbmzOG8byDPBX63A==",
      "requires": {
        "is-core-module": "^2.2.0",
        "path-parse": "^1.0.6"
      }
    },
    "safe-buffer": {
      "version": "5.2.1",
      "resolved": "https://registry.npmjs.org/safe-buffer/-/safe-buffer-5.2.1.tgz",
      "integrity": "sha512-rp3So07KcdmmKbGvgaNxQSJr7bGVSVk5S9Eq1F+ppbRo70+YeaDxkw5Dd8NPN+GD6bjnYm2VuPuCXmpuYvmCXQ=="
    },
    "sha256-universal": {
      "version": "1.1.2",
      "resolved": "https://registry.npmjs.org/sha256-universal/-/sha256-universal-1.1.2.tgz",
      "integrity": "sha512-sheCCiEJve+8rS/fgCaXax8SpXrLzPipCvp0+VDXXjDEHw2DdYqV2PdHVNMNWZrQ3fiQjaor4rQCzYdr3g7TIA==",
      "requires": {
        "sha256-wasm": "^2.2.1"
      }
    },
    "sha256-wasm": {
      "version": "2.2.1",
      "resolved": "https://registry.npmjs.org/sha256-wasm/-/sha256-wasm-2.2.1.tgz",
      "integrity": "sha512-OkqDgOpo86LzdWlpYVC/MfcQ1jytfR/wxPsGFJTWeEIyLaJg4spZTNQ40vuhYsLNDFidxqvMGae6u9VirkgqqA==",
      "requires": {
        "nanoassert": "^2.0.0"
      }
    },
    "sha512-universal": {
      "version": "1.1.2",
      "resolved": "https://registry.npmjs.org/sha512-universal/-/sha512-universal-1.1.2.tgz",
      "integrity": "sha512-QGS+eFX3ycFiRl5TxIxWv5ltAYXaLpnUeLMJpnEVIB7dEI/7pw3X0kYe3msuE4XaHERReuqDKBYRrCiQsqlESQ==",
      "requires": {
        "sha512-wasm": "^2.3.1"
      }
    },
    "sha512-wasm": {
      "version": "2.3.1",
      "resolved": "https://registry.npmjs.org/sha512-wasm/-/sha512-wasm-2.3.1.tgz",
      "integrity": "sha512-YxBYNsaHzTJh5gmk6AbD5aAvXktHy5LsjqbaEVdL60XslC4C7U23w2Mt8g+UDcvidr/K9aFZy3V71Y86Ech27A==",
      "requires": {
        "nanoassert": "^2.0.0"
      }
    },
    "siphash24": {
      "version": "1.2.0",
      "resolved": "https://registry.npmjs.org/siphash24/-/siphash24-1.2.0.tgz",
      "integrity": "sha512-51yTA4ZqBY0tHTsBVGy3KAmMI7ArtwSOSmfFwJnZHFL+K76RMzZLx4m59HY5HSByjGHF3q+Fmcl8e5bMF160iQ==",
      "requires": {
        "nanoassert": "^2.0.0"
      }
    },
    "sodium-javascript": {
      "version": "0.7.3",
      "resolved": "https://registry.npmjs.org/sodium-javascript/-/sodium-javascript-0.7.3.tgz",
      "integrity": "sha512-J2Zzj61bo41oBO4yEM9hTaNo3J98AcmFctjRg3D7+0A5cXdB1jlQOHV1qo2NavDU3BpqCfxdHW5UXCv565zh6Q==",
      "requires": {
        "blake2b": "^2.1.1",
        "chacha20-universal": "^1.0.4",
        "nanoassert": "^2.0.0",
        "sha256-universal": "^1.1.0",
        "sha512-universal": "^1.1.0",
        "siphash24": "^1.0.1",
        "xsalsa20": "^1.0.0"
      }
    },
    "sodium-native": {
      "version": "3.2.1",
      "resolved": "https://registry.npmjs.org/sodium-native/-/sodium-native-3.2.1.tgz",
      "integrity": "sha512-EgDZ/Z7PxL2kCasKk7wnRkV8W9kvwuIlHuHXAxkQm3FF0MgVsjyLBXGjSRGhjE6u7rhSpk3KaMfFM23bfMysIQ==",
      "requires": {
        "ini": "^1.3.5",
        "node-gyp-build": "^4.2.0"
      }
    },
    "sodium-secretstream": {
      "version": "1.0.1",
      "resolved": "https://registry.npmjs.org/sodium-secretstream/-/sodium-secretstream-1.0.1.tgz",
      "integrity": "sha512-hsln2izJxZRR/NIzVoQg8omBOGmHZk+BvOiADMGb4eNcrrjZ13CYfr1Xqb69d6WtRfjlGH3qn43Ikqrca7EXaw==",
      "requires": {
        "sodium-universal": "^3.0.4"
      }
    },
    "sodium-universal": {
      "version": "3.0.4",
      "resolved": "https://registry.npmjs.org/sodium-universal/-/sodium-universal-3.0.4.tgz",
      "integrity": "sha512-WnBQ0GDo/82shKQHZBZT9h4q4miCtxkbzcwVLsCBPWNq4qbq8BXhKICt9nPwQAsJ43ct/rF61FKu4t0druUBug==",
      "requires": {
        "blake2b": "^2.1.1",
        "chacha20-universal": "^1.0.4",
        "nanoassert": "^2.0.0",
        "resolve": "^1.17.0",
        "sha256-universal": "^1.1.0",
        "sha512-universal": "^1.1.0",
        "siphash24": "^1.0.1",
        "sodium-javascript": "~0.7.2",
        "sodium-native": "^3.2.0",
        "xsalsa20": "^1.0.0"
      }
    },
    "streamx": {
      "version": "2.10.3",
      "resolved": "https://registry.npmjs.org/streamx/-/streamx-2.10.3.tgz",
      "integrity": "sha512-Ss4rEDWlTAUrIqaQsX6tNBNANHxSmbyrA5PlCji0a6xdJtVzfkEMLLrkVW5OSyr4TshiSb1WA2TqMGMUpGnouQ==",
      "requires": {
        "fast-fifo": "^1.0.0"
      }
    },
    "string_decoder": {
      "version": "1.3.0",
      "resolved": "https://registry.npmjs.org/string_decoder/-/string_decoder-1.3.0.tgz",
      "integrity": "sha512-hkRX8U1WjJFd8LsDJ2yQ/wWWxaopEsABU1XfkM8A+j0+85JAGppt16cr1Whg6KIbb4okU6Mql6BOj+uup/wKeA==",
      "requires": {
        "safe-buffer": "~5.2.0"
      }
    },
    "time-ordered-set": {
      "version": "1.0.2",
      "resolved": "https://registry.npmjs.org/time-ordered-set/-/time-ordered-set-1.0.2.tgz",
      "integrity": "sha512-vGO99JkxvgX+u+LtOKQEpYf31Kj3i/GNwVstfnh4dyINakMgeZCpew1e3Aj+06hEslhtHEd52g7m5IV+o1K8Mw=="
    },
    "timeout-refresh": {
      "version": "1.0.3",
      "resolved": "https://registry.npmjs.org/timeout-refresh/-/timeout-refresh-1.0.3.tgz",
      "integrity": "sha512-Mz0CX4vBGM5lj8ttbIFt7o4ZMxk/9rgudJRh76EvB7xXZMur7T/cjRiH2w4Fmkq0zxf2QpM8IFvOSRn8FEu3gA=="
    },
    "uint64be": {
      "version": "3.0.0",
      "resolved": "https://registry.npmjs.org/uint64be/-/uint64be-3.0.0.tgz",
      "integrity": "sha512-mliiCSrsE29aNBI7O9W5gGv6WmA9kBR8PtTt6Apaxns076IRdYrrtFhXHEWMj5CSum3U7cv7/pi4xmi4XsIOqg=="
    },
    "unordered-set": {
      "version": "2.0.1",
      "resolved": "https://registry.npmjs.org/unordered-set/-/unordered-set-2.0.1.tgz",
      "integrity": "sha512-eUmNTPzdx+q/WvOHW0bgGYLWvWHNT3PTKEQLg0MAQhc0AHASHVHoP/9YytYd4RBVariqno/mEUhVZN98CmD7bg=="
    },
    "util-deprecate": {
      "version": "1.0.2",
      "resolved": "https://registry.npmjs.org/util-deprecate/-/util-deprecate-1.0.2.tgz",
      "integrity": "sha1-RQ1Nyfpw3nMnYvvS1KKJgUGaDM8="
    },
    "utp-native": {
      "version": "2.5.1",
      "resolved": "https://registry.npmjs.org/utp-native/-/utp-native-2.5.1.tgz",
      "integrity": "sha512-wbrJwR8DZx8N9s1ffTcMuBK7tMBQ9tvKpIL+mWHrDvGUYfV7ivroEGFTXUr4meqy/PVbUdMfURSoBbwuGtt/YQ==",
      "requires": {
        "napi-macros": "^2.0.0",
        "node-gyp-build": "^4.2.0",
        "readable-stream": "^3.0.2",
        "timeout-refresh": "^1.0.0",
        "unordered-set": "^2.0.1"
      }
    },
    "xache": {
      "version": "1.0.0",
      "resolved": "https://registry.npmjs.org/xache/-/xache-1.0.0.tgz",
      "integrity": "sha512-f4fYGFVY734UT4OOyTaKMdWdJ5asbMWKZvmQcoMFBeFNw0UOt0dEJTOlJeKmsduKqPj0UWsIx4SB76oCZagllQ=="
    },
    "xsalsa20": {
      "version": "1.1.0",
      "resolved": "https://registry.npmjs.org/xsalsa20/-/xsalsa20-1.1.0.tgz",
      "integrity": "sha512-zd3ytX2cm+tcSndRU+krm0eL4TMMpZE7evs5hLRAoOy6gviqLfe3qOlkjF3i5SeAkQUCeJk0lJZrEU56kHRfWw=="
    }
  }
}
